// !$*UTF8*$!
{
	archiveVersion = 1;
	classes = {
	};
	objectVersion = 77;
	objects = {

/* Begin PBXBuildFile section */
		2A0000000000000000000005 /* Assets.xcassets in Resources */ = {isa = PBXBuildFile; fileRef = 2A0000000000000000000015 /* Assets.xcassets */; };
		2A0000000000000000000006 /* profile.png in Resources */ = {isa = PBXBuildFile; fileRef = 2A0000000000000000000018 /* profile.png */; };
		2A0000000000000000000007 /* profile@2x.png in Resources */ = {isa = PBXBuildFile; fileRef = 2A0000000000000000000019 /* profile@2x.png */; };
		2A0000000000000000000008 /* profile@3x.png in Resources */ = {isa = PBXBuildFile; fileRef = 2A000000000000000000001A /* profile@3x.png */; };
		2A0000000000000000000009 /* icon-60@2x.png in Resources */ = {isa = PBXBuildFile; fileRef = 2A000000000000000000001B /* icon-60@2x.png */; };
		2A000000000000000000000A /* icon-60@3x.png in Resources */ = {isa = PBXBuildFile; fileRef = 2A000000000000000000001C /* icon-60@3x.png */; };
		2A000000000000000000000B /* icon-76@2x.png in Resources */ = {isa = PBXBuildFile; fileRef = 2A000000000000000000001D /* icon-76@2x.png */; };
		2A000000000000000000000C /* icon-83.5@2x.png in Resources */ = {isa = PBXBuildFile; fileRef = 2A000000000000000000001E /* icon-83.5@2x.png */; };
		2A000000000000000000000D /* icon-1024.png in Resources */ = {isa = PBXBuildFile; fileRef = 2A000000000000000000001F /* icon-1024.png */; };
		2A000000000000000000000F /* onboarding_01.png in Resources */ = {isa = PBXBuildFile; fileRef = 2A0000000000000000000022 /* onboarding_01.png */; };
		2A000000000000000000002A /* onboarding_02.png in Resources */ = {isa = PBXBuildFile; fileRef = 2A0000000000000000000023 /* onboarding_02.png */; };
		2A000000000000000000002B /* onboarding_03.png in Resources */ = {isa = PBXBuildFile; fileRef = 2A0000000000000000000024 /* onboarding_03.png */; };
		2B0000000000000000000201 /* PortfolioApp.swift in Sources */ = {isa = PBXBuildFile; fileRef = 2B0000000000000000000101 /* PortfolioApp.swift */; };
		2B0000000000000000000202 /* AppTheme.swift in Sources */ = {isa = PBXBuildFile; fileRef = 2B0000000000000000000102 /* AppTheme.swift */; };
		2B0000000000000000000203 /* PortfolioModels.swift in Sources */ = {isa = PBXBuildFile; fileRef = 2B0000000000000000000103 /* PortfolioModels.swift */; };
		2B0000000000000000000204 /* AppColors.swift in Sources */ = {isa = PBXBuildFile; fileRef = 2B0000000000000000000104 /* AppColors.swift */; };
		2B0000000000000000000205 /* BundledImage.swift in Sources */ = {isa = PBXBuildFile; fileRef = 2B0000000000000000000105 /* BundledImage.swift */; };
		2B0000000000000000000206 /* FlowLayout.swift in Sources */ = {isa = PBXBuildFile; fileRef = 2B0000000000000000000106 /* FlowLayout.swift */; };
		2B0000000000000000000207 /* HeaderPattern.swift in Sources */ = {isa = PBXBuildFile; fileRef = 2B0000000000000000000107 /* HeaderPattern.swift */; };
		2B0000000000000000000208 /* Pill.swift in Sources */ = {isa = PBXBuildFile; fileRef = 2B0000000000000000000108 /* Pill.swift */; };
		2B0000000000000000000209 /* RemoteImageView.swift in Sources */ = {isa = PBXBuildFile; fileRef = 2B0000000000000000000109 /* RemoteImageView.swift */; };
		2B000000000000000000020A /* MailUtilities.swift in Sources */ = {isa = PBXBuildFile; fileRef = 2B000000000000000000010A /* MailUtilities.swift */; };
		2B000000000000000000020B /* PortfolioRepository.swift in Sources */ = {isa = PBXBuildFile; fileRef = 2B000000000000000000010B /* PortfolioRepository.swift */; };
		2B000000000000000000020C /* PortfolioAPI.swift in Sources */ = {isa = PBXBuildFile; fileRef = 2B000000000000000000010C /* PortfolioAPI.swift */; };
		2B000000000000000000020D /* PortfolioData.swift in Sources */ = {isa = PBXBuildFile; fileRef = 2B000000000000000000010D /* PortfolioData.swift */; };
		2B000000000000000000020E /* OnboardingViewModel.swift in Sources */ = {isa = PBXBuildFile; fileRef = 2B000000000000000000010E /* OnboardingViewModel.swift */; };
		2B000000000000000000020F /* OnboardingView.swift in Sources */ = {isa = PBXBuildFile; fileRef = 2B000000000000000000010F /* OnboardingView.swift */; };
		2B0000000000000000000210 /* OnboardingPageIndicator.swift in Sources */ = {isa = PBXBuildFile; fileRef = 2B0000000000000000000110 /* OnboardingPageIndicator.swift */; };
		2B0000000000000000000211 /* WelcomePageView.swift in Sources */ = {isa = PBXBuildFile; fileRef = 2B0000000000000000000111 /* WelcomePageView.swift */; };
		2B0000000000000000000212 /* AppTab.swift in Sources */ = {isa = PBXBuildFile; fileRef = 2B0000000000000000000112 /* AppTab.swift */; };
		2B0000000000000000000213 /* RootTabViewModel.swift in Sources */ = {isa = PBXBuildFile; fileRef = 2B0000000000000000000113 /* RootTabViewModel.swift */; };
		2B0000000000000000000214 /* RootTabView.swift in Sources */ = {isa = PBXBuildFile; fileRef = 2B0000000000000000000114 /* RootTabView.swift */; };
		2B0000000000000000000215 /* AppNavigation.swift in Sources */ = {isa = PBXBuildFile; fileRef = 2B0000000000000000000115 /* AppNavigation.swift */; };
		2B0000000000000000000216 /* DrawerRow.swift in Sources */ = {isa = PBXBuildFile; fileRef = 2B0000000000000000000116 /* DrawerRow.swift */; };
		2B0000000000000000000217 /* NavigationDrawer.swift in Sources */ = {isa = PBXBuildFile; fileRef = 2B0000000000000000000117 /* NavigationDrawer.swift */; };
		2B0000000000000000000218 /* ProfileView.swift in Sources */ = {isa = PBXBuildFile; fileRef = 2B0000000000000000000118 /* ProfileView.swift */; };
		2B0000000000000000000219 /* ProfileHeaderView.swift in Sources */ = {isa = PBXBuildFile; fileRef = 2B0000000000000000000119 /* ProfileHeaderView.swift */; };
		2B000000000000000000021A /* AboutSectionView.swift in Sources */ = {isa = PBXBuildFile; fileRef = 2B000000000000000000011A /* AboutSectionView.swift */; };
		2B000000000000000000021B /* AboutPhotoCarousel.swift in Sources */ = {isa = PBXBuildFile; fileRef = 2B000000000000000000011B /* AboutPhotoCarousel.swift */; };
		2B000000000000000000021C /* PortfolioViewModel.swift in Sources */ = {isa = PBXBuildFile; fileRef = 2B000000000000000000011C /* PortfolioViewModel.swift */; };
		2B000000000000000000021D /* PortfolioView.swift in Sources */ = {isa = PBXBuildFile; fileRef = 2B000000000000000000011D /* PortfolioView.swift */; };
		2B000000000000000000021E /* PortfolioHeaderView.swift in Sources */ = {isa = PBXBuildFile; fileRef = 2B000000000000000000011E /* PortfolioHeaderView.swift */; };
		2B000000000000000000021F /* ProjectCardView.swift in Sources */ = {isa = PBXBuildFile; fileRef = 2B000000000000000000011F /* ProjectCardView.swift */; };
		2B0000000000000000000220 /* ProjectDetailView.swift in Sources */ = {isa = PBXBuildFile; fileRef = 2B0000000000000000000120 /* ProjectDetailView.swift */; };
		2B0000000000000000000221 /* BlogDetailViewModel.swift in Sources */ = {isa = PBXBuildFile; fileRef = 2B0000000000000000000121 /* BlogDetailViewModel.swift */; };
		2B0000000000000000000222 /* BlogContentBlock.swift in Sources */ = {isa = PBXBuildFile; fileRef = 2B0000000000000000000122 /* BlogContentBlock.swift */; };
		2B0000000000000000000223 /* BlogView.swift in Sources */ = {isa = PBXBuildFile; fileRef = 2B0000000000000000000123 /* BlogView.swift */; };
		2B0000000000000000000224 /* BlogPostCardView.swift in Sources */ = {isa = PBXBuildFile; fileRef = 2B0000000000000000000124 /* BlogPostCardView.swift */; };
		2B0000000000000000000225 /* BlogDetailView.swift in Sources */ = {isa = PBXBuildFile; fileRef = 2B0000000000000000000125 /* BlogDetailView.swift */; };
		2B0000000000000000000226 /* BlogContentBlocks.swift in Sources */ = {isa = PBXBuildFile; fileRef = 2B0000000000000000000126 /* BlogContentBlocks.swift */; };
		2B0000000000000000000227 /* ContactView.swift in Sources */ = {isa = PBXBuildFile; fileRef = 2B0000000000000000000127 /* ContactView.swift */; };
		2B0000000000000000000228 /* ContactSection.swift in Sources */ = {isa = PBXBuildFile; fileRef = 2B0000000000000000000128 /* ContactSection.swift */; };
		2B0000000000000000000229 /* ContactRow.swift in Sources */ = {isa = PBXBuildFile; fileRef = 2B0000000000000000000129 /* ContactRow.swift */; };
		2B000000000000000000022A /* SearchResult.swift in Sources */ = {isa = PBXBuildFile; fileRef = 2B000000000000000000012A /* SearchResult.swift */; };
		2B000000000000000000022B /* SearchViewModel.swift in Sources */ = {isa = PBXBuildFile; fileRef = 2B000000000000000000012B /* SearchViewModel.swift */; };
		2B000000000000000000022C /* SearchView.swift in Sources */ = {isa = PBXBuildFile; fileRef = 2B000000000000000000012C /* SearchView.swift */; };
		2B000000000000000000022D /* SettingsView.swift in Sources */ = {isa = PBXBuildFile; fileRef = 2B000000000000000000012D /* SettingsView.swift */; };
		2B000000000000000000022E /* SettingsRow.swift in Sources */ = {isa = PBXBuildFile; fileRef = 2B000000000000000000012E /* SettingsRow.swift */; };
		2B000000000000000000022F /* DataDeletionView.swift in Sources */ = {isa = PBXBuildFile; fileRef = 2B000000000000000000012F /* DataDeletionView.swift */; };
/* End PBXBuildFile section */

/* Begin PBXFileReference section */
		2A0000000000000000000010 /* iOS-Portfolio-App-Swift.app */ = {isa = PBXFileReference; explicitFileType = wrapper.application; includeInIndex = 0; path = "iOS-Portfolio-App-Swift.app"; sourceTree = BUILT_PRODUCTS_DIR; };
		2A0000000000000000000015 /* Assets.xcassets */ = {isa = PBXFileReference; lastKnownFileType = folder.assetcatalog; path = Assets.xcassets; sourceTree = "<group>"; };
		2A0000000000000000000016 /* README.md */ = {isa = PBXFileReference; lastKnownFileType = net.daringfireball.markdown; path = README.md; sourceTree = "<group>"; };
		2A0000000000000000000017 /* Info.plist */ = {isa = PBXFileReference; lastKnownFileType = text.plist.xml; path = Info.plist; sourceTree = "<group>"; };
		2A0000000000000000000018 /* profile.png */ = {isa = PBXFileReference; lastKnownFileType = image.png; path = profile.png; sourceTree = "<group>"; };
		2A0000000000000000000019 /* profile@2x.png */ = {isa = PBXFileReference; lastKnownFileType = image.png; path = "profile@2x.png"; sourceTree = "<group>"; };
		2A000000000000000000001A /* profile@3x.png */ = {isa = PBXFileReference; lastKnownFileType = image.png; path = "profile@3x.png"; sourceTree = "<group>"; };
		2A000000000000000000001B /* icon-60@2x.png */ = {isa = PBXFileReference; lastKnownFileType = image.png; path = "icon-60@2x.png"; sourceTree = "<group>"; };
		2A000000000000000000001C /* icon-60@3x.png */ = {isa = PBXFileReference; lastKnownFileType = image.png; path = "icon-60@3x.png"; sourceTree = "<group>"; };
		2A000000000000000000001D /* icon-76@2x.png */ = {isa = PBXFileReference; lastKnownFileType = image.png; path = "icon-76@2x.png"; sourceTree = "<group>"; };
		2A000000000000000000001E /* icon-83.5@2x.png */ = {isa = PBXFileReference; lastKnownFileType = image.png; path = "icon-83.5@2x.png"; sourceTree = "<group>"; };
		2A000000000000000000001F /* icon-1024.png */ = {isa = PBXFileReference; lastKnownFileType = image.png; path = "icon-1024.png"; sourceTree = "<group>"; };
		2A0000000000000000000022 /* onboarding_01.png */ = {isa = PBXFileReference; lastKnownFileType = image.png; path = onboarding_01.png; sourceTree = "<group>"; };
		2A0000000000000000000023 /* onboarding_02.png */ = {isa = PBXFileReference; lastKnownFileType = image.png; path = onboarding_02.png; sourceTree = "<group>"; };
		2A0000000000000000000024 /* onboarding_03.png */ = {isa = PBXFileReference; lastKnownFileType = image.png; path = onboarding_03.png; sourceTree = "<group>"; };
		2B0000000000000000000101 /* PortfolioApp.swift */ = {isa = PBXFileReference; lastKnownFileType = sourcecode.swift; path = PortfolioApp.swift; sourceTree = "<group>"; };
		2B0000000000000000000102 /* AppTheme.swift */ = {isa = PBXFileReference; lastKnownFileType = sourcecode.swift; path = Models/AppTheme.swift; sourceTree = "<group>"; };
		2B0000000000000000000103 /* PortfolioModels.swift */ = {isa = PBXFileReference; lastKnownFileType = sourcecode.swift; path = Models/PortfolioModels.swift; sourceTree = "<group>"; };
		2B0000000000000000000104 /* AppColors.swift */ = {isa = PBXFileReference; lastKnownFileType = sourcecode.swift; path = UI/Theme/AppColors.swift; sourceTree = "<group>"; };
		2B0000000000000000000105 /* BundledImage.swift */ = {isa = PBXFileReference; lastKnownFileType = sourcecode.swift; path = UI/Components/BundledImage.swift; sourceTree = "<group>"; };
		2B0000000000000000000106 /* FlowLayout.swift */ = {isa = PBXFileReference; lastKnownFileType = sourcecode.swift; path = UI/Components/FlowLayout.swift; sourceTree = "<group>"; };
		2B0000000000000000000107 /* HeaderPattern.swift */ = {isa = PBXFileReference; lastKnownFileType = sourcecode.swift; path = UI/Components/HeaderPattern.swift; sourceTree = "<group>"; };
		2B0000000000000000000108 /* Pill.swift */ = {isa = PBXFileReference; lastKnownFileType = sourcecode.swift; path = UI/Components/Pill.swift; sourceTree = "<group>"; };
		2B0000000000000000000109 /* RemoteImageView.swift */ = {isa = PBXFileReference; lastKnownFileType = sourcecode.swift; path = UI/Components/RemoteImageView.swift; sourceTree = "<group>"; };
		2B000000000000000000010A /* MailUtilities.swift */ = {isa = PBXFileReference; lastKnownFileType = sourcecode.swift; path = Utilities/MailUtilities.swift; sourceTree = "<group>"; };
		2B000000000000000000010B /* PortfolioRepository.swift */ = {isa = PBXFileReference; lastKnownFileType = sourcecode.swift; path = Repositories/PortfolioRepository.swift; sourceTree = "<group>"; };
		2B000000000000000000010C /* PortfolioAPI.swift */ = {isa = PBXFileReference; lastKnownFileType = sourcecode.swift; path = Services/PortfolioAPI.swift; sourceTree = "<group>"; };
		2B000000000000000000010D /* PortfolioData.swift */ = {isa = PBXFileReference; lastKnownFileType = sourcecode.swift; path = Local/PortfolioData.swift; sourceTree = "<group>"; };
		2B000000000000000000010E /* OnboardingViewModel.swift */ = {isa = PBXFileReference; lastKnownFileType = sourcecode.swift; path = Onboarding/ViewModels/OnboardingViewModel.swift; sourceTree = "<group>"; };
		2B000000000000000000010F /* OnboardingView.swift */ = {isa = PBXFileReference; lastKnownFileType = sourcecode.swift; path = Onboarding/UI/OnboardingView.swift; sourceTree = "<group>"; };
		2B0000000000000000000110 /* OnboardingPageIndicator.swift */ = {isa = PBXFileReference; lastKnownFileType = sourcecode.swift; path = Onboarding/UI/OnboardingPageIndicator.swift; sourceTree = "<group>"; };
		2B0000000000000000000111 /* WelcomePageView.swift */ = {isa = PBXFileReference; lastKnownFileType = sourcecode.swift; path = Onboarding/UI/WelcomePageView.swift; sourceTree = "<group>"; };
		2B0000000000000000000112 /* AppTab.swift */ = {isa = PBXFileReference; lastKnownFileType = sourcecode.swift; path = Shell/Models/AppTab.swift; sourceTree = "<group>"; };
		2B0000000000000000000113 /* RootTabViewModel.swift */ = {isa = PBXFileReference; lastKnownFileType = sourcecode.swift; path = Shell/ViewModels/RootTabViewModel.swift; sourceTree = "<group>"; };
		2B0000000000000000000114 /* RootTabView.swift */ = {isa = PBXFileReference; lastKnownFileType = sourcecode.swift; path = Shell/UI/RootTabView.swift; sourceTree = "<group>"; };
		2B0000000000000000000115 /* AppNavigation.swift */ = {isa = PBXFileReference; lastKnownFileType = sourcecode.swift; path = Shell/UI/AppNavigation.swift; sourceTree = "<group>"; };
		2B0000000000000000000116 /* DrawerRow.swift */ = {isa = PBXFileReference; lastKnownFileType = sourcecode.swift; path = Shell/UI/DrawerRow.swift; sourceTree = "<group>"; };
		2B0000000000000000000117 /* NavigationDrawer.swift */ = {isa = PBXFileReference; lastKnownFileType = sourcecode.swift; path = Shell/UI/NavigationDrawer.swift; sourceTree = "<group>"; };
		2B0000000000000000000118 /* ProfileView.swift */ = {isa = PBXFileReference; lastKnownFileType = sourcecode.swift; path = Profile/UI/ProfileView.swift; sourceTree = "<group>"; };
		2B0000000000000000000119 /* ProfileHeaderView.swift */ = {isa = PBXFileReference; lastKnownFileType = sourcecode.swift; path = Profile/UI/ProfileHeaderView.swift; sourceTree = "<group>"; };
		2B000000000000000000011A /* AboutSectionView.swift */ = {isa = PBXFileReference; lastKnownFileType = sourcecode.swift; path = Profile/UI/AboutSectionView.swift; sourceTree = "<group>"; };
		2B000000000000000000011B /* AboutPhotoCarousel.swift */ = {isa = PBXFileReference; lastKnownFileType = sourcecode.swift; path = Profile/UI/AboutPhotoCarousel.swift; sourceTree = "<group>"; };
		2B000000000000000000011C /* PortfolioViewModel.swift */ = {isa = PBXFileReference; lastKnownFileType = sourcecode.swift; path = Portfolio/ViewModels/PortfolioViewModel.swift; sourceTree = "<group>"; };
		2B000000000000000000011D /* PortfolioView.swift */ = {isa = PBXFileReference; lastKnownFileType = sourcecode.swift; path = Portfolio/UI/PortfolioView.swift; sourceTree = "<group>"; };
		2B000000000000000000011E /* PortfolioHeaderView.swift */ = {isa = PBXFileReference; lastKnownFileType = sourcecode.swift; path = Portfolio/UI/PortfolioHeaderView.swift; sourceTree = "<group>"; };
		2B000000000000000000011F /* ProjectCardView.swift */ = {isa = PBXFileReference; lastKnownFileType = sourcecode.swift; path = Portfolio/UI/ProjectCardView.swift; sourceTree = "<group>"; };
		2B0000000000000000000120 /* ProjectDetailView.swift */ = {isa = PBXFileReference; lastKnownFileType = sourcecode.swift; path = Portfolio/UI/ProjectDetailView.swift; sourceTree = "<group>"; };
		2B0000000000000000000121 /* BlogDetailViewModel.swift */ = {isa = PBXFileReference; lastKnownFileType = sourcecode.swift; path = Blog/ViewModels/BlogDetailViewModel.swift; sourceTree = "<group>"; };
		2B0000000000000000000122 /* BlogContentBlock.swift */ = {isa = PBXFileReference; lastKnownFileType = sourcecode.swift; path = Blog/Models/BlogContentBlock.swift; sourceTree = "<group>"; };
		2B0000000000000000000123 /* BlogView.swift */ = {isa = PBXFileReference; lastKnownFileType = sourcecode.swift; path = Blog/UI/BlogView.swift; sourceTree = "<group>"; };
		2B0000000000000000000124 /* BlogPostCardView.swift */ = {isa = PBXFileReference; lastKnownFileType = sourcecode.swift; path = Blog/UI/BlogPostCardView.swift; sourceTree = "<group>"; };
		2B0000000000000000000125 /* BlogDetailView.swift */ = {isa = PBXFileReference; lastKnownFileType = sourcecode.swift; path = Blog/UI/BlogDetailView.swift; sourceTree = "<group>"; };
		2B0000000000000000000126 /* BlogContentBlocks.swift */ = {isa = PBXFileReference; lastKnownFileType = sourcecode.swift; path = Blog/UI/BlogContentBlocks.swift; sourceTree = "<group>"; };
		2B0000000000000000000127 /* ContactView.swift */ = {isa = PBXFileReference; lastKnownFileType = sourcecode.swift; path = Contact/UI/ContactView.swift; sourceTree = "<group>"; };
		2B0000000000000000000128 /* ContactSection.swift */ = {isa = PBXFileReference; lastKnownFileType = sourcecode.swift; path = Contact/UI/ContactSection.swift; sourceTree = "<group>"; };
		2B0000000000000000000129 /* ContactRow.swift */ = {isa = PBXFileReference; lastKnownFileType = sourcecode.swift; path = Contact/UI/ContactRow.swift; sourceTree = "<group>"; };
		2B000000000000000000012A /* SearchResult.swift */ = {isa = PBXFileReference; lastKnownFileType = sourcecode.swift; path = Search/Models/SearchResult.swift; sourceTree = "<group>"; };
		2B000000000000000000012B /* SearchViewModel.swift */ = {isa = PBXFileReference; lastKnownFileType = sourcecode.swift; path = Search/ViewModels/SearchViewModel.swift; sourceTree = "<group>"; };
		2B000000000000000000012C /* SearchView.swift */ = {isa = PBXFileReference; lastKnownFileType = sourcecode.swift; path = Search/UI/SearchView.swift; sourceTree = "<group>"; };
		2B000000000000000000012D /* SettingsView.swift */ = {isa = PBXFileReference; lastKnownFileType = sourcecode.swift; path = Settings/UI/SettingsView.swift; sourceTree = "<group>"; };
		2B000000000000000000012E /* SettingsRow.swift */ = {isa = PBXFileReference; lastKnownFileType = sourcecode.swift; path = Settings/UI/SettingsRow.swift; sourceTree = "<group>"; };
		2B000000000000000000012F /* DataDeletionView.swift */ = {isa = PBXFileReference; lastKnownFileType = sourcecode.swift; path = Settings/UI/DataDeletionView.swift; sourceTree = "<group>"; };
/* End PBXFileReference section */

/* Begin PBXFrameworksBuildPhase section */
		2A0000000000000000000020 /* Frameworks */ = {
			isa = PBXFrameworksBuildPhase;
			buildActionMask = 2147483647;
			files = (
			);
			runOnlyForDeploymentPostprocessing = 0;
		};
/* End PBXFrameworksBuildPhase section */

/* Begin PBXGroup section */
		2A0000000000000000000030 = {
			isa = PBXGroup;
			children = (
				2A0000000000000000000031 /* iOS-Portfolio-App-Swift */,
				2A0000000000000000000032 /* Products */,
			);
			sourceTree = "<group>";
		};
		2A0000000000000000000031 /* iOS-Portfolio-App-Swift */ = {
			isa = PBXGroup;
			children = (
				2B0000000000000000000301 /* App */,
				2B0000000000000000000302 /* Shared */,
				2B0000000000000000000303 /* Data */,
				2B0000000000000000000304 /* Features */,
				2A0000000000000000000015 /* Assets.xcassets */,
				2A0000000000000000000017 /* Info.plist */,
				2A0000000000000000000018 /* profile.png */,
				2A0000000000000000000019 /* profile@2x.png */,
				2A000000000000000000001A /* profile@3x.png */,
				2A0000000000000000000022 /* onboarding_01.png */,
				2A0000000000000000000023 /* onboarding_02.png */,
				2A0000000000000000000024 /* onboarding_03.png */,
				2A000000000000000000001B /* icon-60@2x.png */,
				2A000000000000000000001C /* icon-60@3x.png */,
				2A000000000000000000001D /* icon-76@2x.png */,
				2A000000000000000000001E /* icon-83.5@2x.png */,
				2A000000000000000000001F /* icon-1024.png */,
				2A0000000000000000000016 /* README.md */,
			);
			path = "iOS-Portfolio-App-Swift";
			sourceTree = "<group>";
		};
		2B0000000000000000000301 /* App */ = {
			isa = PBXGroup;
			children = (
				2B0000000000000000000101 /* PortfolioApp.swift */,
			);
			path = App;
			sourceTree = "<group>";
		};
		2B0000000000000000000302 /* Shared */ = {
			isa = PBXGroup;
			children = (
				2B0000000000000000000102 /* AppTheme.swift */,
				2B0000000000000000000103 /* PortfolioModels.swift */,
				2B0000000000000000000104 /* AppColors.swift */,
				2B0000000000000000000105 /* BundledImage.swift */,
				2B0000000000000000000106 /* FlowLayout.swift */,
				2B0000000000000000000107 /* HeaderPattern.swift */,
				2B0000000000000000000108 /* Pill.swift */,
				2B0000000000000000000109 /* RemoteImageView.swift */,
				2B000000000000000000010A /* MailUtilities.swift */,
			);
			path = Shared;
			sourceTree = "<group>";
		};
		2B0000000000000000000303 /* Data */ = {
			isa = PBXGroup;
			children = (
				2B000000000000000000010D /* PortfolioData.swift */,
				2B000000000000000000010B /* PortfolioRepository.swift */,
				2B000000000000000000010C /* PortfolioAPI.swift */,
			);
			path = Data;
			sourceTree = "<group>";
		};
		2B0000000000000000000304 /* Features */ = {
			isa = PBXGroup;
			children = (
				2B000000000000000000010E /* OnboardingViewModel.swift */,
				2B000000000000000000010F /* OnboardingView.swift */,
				2B0000000000000000000110 /* OnboardingPageIndicator.swift */,
				2B0000000000000000000111 /* WelcomePageView.swift */,
				2B0000000000000000000112 /* AppTab.swift */,
				2B0000000000000000000113 /* RootTabViewModel.swift */,
				2B0000000000000000000114 /* RootTabView.swift */,
				2B0000000000000000000115 /* AppNavigation.swift */,
				2B0000000000000000000116 /* DrawerRow.swift */,
				2B0000000000000000000117 /* NavigationDrawer.swift */,
				2B0000000000000000000118 /* ProfileView.swift */,
				2B0000000000000000000119 /* ProfileHeaderView.swift */,
				2B000000000000000000011A /* AboutSectionView.swift */,
				2B000000000000000000011B /* AboutPhotoCarousel.swift */,
				2B000000000000000000011C /* PortfolioViewModel.swift */,
				2B000000000000000000011D /* PortfolioView.swift */,
				2B000000000000000000011E /* PortfolioHeaderView.swift */,
				2B000000000000000000011F /* ProjectCardView.swift */,
				2B0000000000000000000120 /* ProjectDetailView.swift */,
				2B0000000000000000000121 /* BlogDetailViewModel.swift */,
				2B0000000000000000000122 /* BlogContentBlock.swift */,
				2B0000000000000000000123 /* BlogView.swift */,
				2B0000000000000000000124 /* BlogPostCardView.swift */,
				2B0000000000000000000125 /* BlogDetailView.swift */,
				2B0000000000000000000126 /* BlogContentBlocks.swift */,
				2B0000000000000000000127 /* ContactView.swift */,
				2B0000000000000000000128 /* ContactSection.swift */,
				2B0000000000000000000129 /* ContactRow.swift */,
				2B000000000000000000012A /* SearchResult.swift */,
				2B000000000000000000012B /* SearchViewModel.swift */,
				2B000000000000000000012C /* SearchView.swift */,
				2B000000000000000000012D /* SettingsView.swift */,
				2B000000000000000000012E /* SettingsRow.swift */,
				2B000000000000000000012F /* DataDeletionView.swift */,
			);
			path = Features;
			sourceTree = "<group>";
		};
		2A0000000000000000000032 /* Products */ = {
			isa = PBXGroup;
			children = (
				2A0000000000000000000010 /* iOS-Portfolio-App-Swift.app */,
			);
			name = Products;
			sourceTree = "<group>";
		};
/* End PBXGroup section */

/* Begin PBXNativeTarget section */
		2A0000000000000000000040 /* iOS-Portfolio-App-Swift */ = {
			isa = PBXNativeTarget;
			buildConfigurationList = 2A0000000000000000000080 /* Build configuration list for PBXNativeTarget "iOS-Portfolio-App-Swift" */;
			buildPhases = (
				2A0000000000000000000050 /* Sources */,
				2A0000000000000000000020 /* Frameworks */,
				2A0000000000000000000060 /* Resources */,
			);
			buildRules = (
			);
			dependencies = (
			);
			name = "iOS-Portfolio-App-Swift";
			productName = "iOS-Portfolio-App-Swift";
			productReference = 2A0000000000000000000010 /* iOS-Portfolio-App-Swift.app */;
			productType = "com.apple.product-type.application";
		};
/* End PBXNativeTarget section */

/* Begin PBXProject section */
		2A0000000000000000000070 /* Project object */ = {
			isa = PBXProject;
			attributes = {
				BuildIndependentTargetsInParallel = 1;
				LastSwiftUpdateCheck = 2650;
				LastUpgradeCheck = 2650;
				TargetAttributes = {
					2A0000000000000000000040 = {
						CreatedOnToolsVersion = 26.5;
						ProvisioningStyle = Automatic;
					};
				};
			};
			buildConfigurationList = 2A0000000000000000000071 /* Build configuration list for PBXProject "iOS-Portfolio-App-Swift" */;
			compatibilityVersion = "Xcode 16.0";
			developmentRegion = en;
			hasScannedForEncodings = 0;
			knownRegions = (
				en,
				Base,
			);
			mainGroup = 2A0000000000000000000030;
			minimizedProjectReferenceProxies = 1;
			preferredProjectObjectVersion = 77;
			productRefGroup = 2A0000000000000000000032 /* Products */;
			projectDirPath = "";
			projectRoot = "";
			targets = (
				2A0000000000000000000040 /* iOS-Portfolio-App-Swift */,
			);
		};
/* End PBXProject section */

/* Begin PBXResourcesBuildPhase section */
		2A0000000000000000000060 /* Resources */ = {
			isa = PBXResourcesBuildPhase;
			buildActionMask = 2147483647;
			files = (
				2A000000000000000000000F /* onboarding_01.png in Resources */,
				2A000000000000000000002A /* onboarding_02.png in Resources */,
				2A000000000000000000002B /* onboarding_03.png in Resources */,
				2A000000000000000000000D /* icon-1024.png in Resources */,
				2A0000000000000000000009 /* icon-60@2x.png in Resources */,
				2A000000000000000000000A /* icon-60@3x.png in Resources */,
				2A000000000000000000000B /* icon-76@2x.png in Resources */,
				2A000000000000000000000C /* icon-83.5@2x.png in Resources */,
				2A0000000000000000000007 /* profile@2x.png in Resources */,
				2A0000000000000000000008 /* profile@3x.png in Resources */,
				2A0000000000000000000006 /* profile.png in Resources */,
			);
			runOnlyForDeploymentPostprocessing = 0;
		};
/* End PBXResourcesBuildPhase section */

/* Begin PBXSourcesBuildPhase section */
		2A0000000000000000000050 /* Sources */ = {
			isa = PBXSourcesBuildPhase;
			buildActionMask = 2147483647;
			files = (
				2B0000000000000000000201 /* PortfolioApp.swift in Sources */,
				2B0000000000000000000202 /* AppTheme.swift in Sources */,
				2B0000000000000000000203 /* PortfolioModels.swift in Sources */,
				2B0000000000000000000204 /* AppColors.swift in Sources */,
				2B0000000000000000000205 /* BundledImage.swift in Sources */,
				2B0000000000000000000206 /* FlowLayout.swift in Sources */,
				2B0000000000000000000207 /* HeaderPattern.swift in Sources */,
				2B0000000000000000000208 /* Pill.swift in Sources */,
				2B0000000000000000000209 /* RemoteImageView.swift in Sources */,
				2B000000000000000000020A /* MailUtilities.swift in Sources */,
				2B000000000000000000020B /* PortfolioRepository.swift in Sources */,
				2B000000000000000000020C /* PortfolioAPI.swift in Sources */,
				2B000000000000000000020D /* PortfolioData.swift in Sources */,
				2B000000000000000000020E /* OnboardingViewModel.swift in Sources */,
				2B000000000000000000020F /* OnboardingView.swift in Sources */,
				2B0000000000000000000210 /* OnboardingPageIndicator.swift in Sources */,
				2B0000000000000000000211 /* WelcomePageView.swift in Sources */,
				2B0000000000000000000212 /* AppTab.swift in Sources */,
				2B0000000000000000000213 /* RootTabViewModel.swift in Sources */,
				2B0000000000000000000214 /* RootTabView.swift in Sources */,
				2B0000000000000000000215 /* AppNavigation.swift in Sources */,
				2B0000000000000000000216 /* DrawerRow.swift in Sources */,
				2B0000000000000000000217 /* NavigationDrawer.swift in Sources */,
				2B0000000000000000000218 /* ProfileView.swift in Sources */,
				2B0000000000000000000219 /* ProfileHeaderView.swift in Sources */,
				2B000000000000000000021A /* AboutSectionView.swift in Sources */,
				2B000000000000000000021B /* AboutPhotoCarousel.swift in Sources */,
				2B000000000000000000021C /* PortfolioViewModel.swift in Sources */,
				2B000000000000000000021D /* PortfolioView.swift in Sources */,
				2B000000000000000000021E /* PortfolioHeaderView.swift in Sources */,
				2B000000000000000000021F /* ProjectCardView.swift in Sources */,
				2B0000000000000000000220 /* ProjectDetailView.swift in Sources */,
				2B0000000000000000000221 /* BlogDetailViewModel.swift in Sources */,
				2B0000000000000000000222 /* BlogContentBlock.swift in Sources */,
				2B0000000000000000000223 /* BlogView.swift in Sources */,
				2B0000000000000000000224 /* BlogPostCardView.swift in Sources */,
				2B0000000000000000000225 /* BlogDetailView.swift in Sources */,
				2B0000000000000000000226 /* BlogContentBlocks.swift in Sources */,
				2B0000000000000000000227 /* ContactView.swift in Sources */,
				2B0000000000000000000228 /* ContactSection.swift in Sources */,
				2B0000000000000000000229 /* ContactRow.swift in Sources */,
				2B000000000000000000022A /* SearchResult.swift in Sources */,
				2B000000000000000000022B /* SearchViewModel.swift in Sources */,
				2B000000000000000000022C /* SearchView.swift in Sources */,
				2B000000000000000000022D /* SettingsView.swift in Sources */,
				2B000000000000000000022E /* SettingsRow.swift in Sources */,
				2B000000000000000000022F /* DataDeletionView.swift in Sources */,
			);
			runOnlyForDeploymentPostprocessing = 0;
		};
/* End PBXSourcesBuildPhase section */

/* Begin XCBuildConfiguration section */
		2A0000000000000000000072 /* Debug */ = {
			isa = XCBuildConfiguration;
			buildSettings = {
				ALWAYS_SEARCH_USER_PATHS = NO;
				ASSETCATALOG_COMPILER_GENERATE_SWIFT_ASSET_SYMBOL_EXTENSIONS = YES;
				CLANG_ANALYZER_NONNULL = YES;
				CLANG_ANALYZER_NUMBER_OBJECT_CONVERSION = YES_AGGRESSIVE;
				CLANG_CXX_LANGUAGE_STANDARD = "gnu++20";
				CLANG_ENABLE_MODULES = YES;
				CLANG_ENABLE_OBJC_ARC = YES;
				CLANG_ENABLE_OBJC_WEAK = YES;
				CLANG_WARN_BLOCK_CAPTURE_AUTORELEASING = YES;
				CLANG_WARN_BOOL_CONVERSION = YES;
				CLANG_WARN_COMMA = YES;
				CLANG_WARN_CONSTANT_CONVERSION = YES;
				CLANG_WARN_DEPRECATED_OBJC_IMPLEMENTATIONS = YES;
				CLANG_WARN_DIRECT_OBJC_ISA_USAGE = YES_ERROR;
				CLANG_WARN_DOCUMENTATION_COMMENTS = YES;
				CLANG_WARN_EMPTY_BODY = YES;
				CLANG_WARN_ENUM_CONVERSION = YES;
				CLANG_WARN_INFINITE_RECURSION = YES;
				CLANG_WARN_INT_CONVERSION = YES;
				CLANG_WARN_NON_LITERAL_NULL_CONVERSION = YES;
				CLANG_WARN_OBJC_IMPLICIT_RETAIN_SELF = YES;
				CLANG_WARN_OBJC_LITERAL_CONVERSION = YES;
				CLANG_WARN_OBJC_ROOT_CLASS = YES_ERROR;
				CLANG_WARN_QUOTED_INCLUDE_IN_FRAMEWORK_HEADER = YES;
				CLANG_WARN_RANGE_LOOP_ANALYSIS = YES;
				CLANG_WARN_STRICT_PROTOTYPES = YES;
				CLANG_WARN_SUSPICIOUS_MOVE = YES;
				CLANG_WARN_UNGUARDED_AVAILABILITY = YES_AGGRESSIVE;
				CLANG_WARN_UNREACHABLE_CODE = YES;
				CLANG_WARN__DUPLICATE_METHOD_MATCH = YES;
				COPY_PHASE_STRIP = NO;
				DEBUG_INFORMATION_FORMAT = dwarf;
				ENABLE_STRICT_OBJC_MSGSEND = YES;
				ENABLE_TESTABILITY = YES;
				ENABLE_USER_SCRIPT_SANDBOXING = YES;
				GCC_C_LANGUAGE_STANDARD = gnu17;
				GCC_DYNAMIC_NO_PIC = NO;
				GCC_NO_COMMON_BLOCKS = YES;
				GCC_OPTIMIZATION_LEVEL = 0;
				GCC_PREPROCESSOR_DEFINITIONS = (
					"DEBUG=1",
					"$(inherited)",
				);
				GCC_WARN_64_TO_32_BIT_CONVERSION = YES;
				GCC_WARN_ABOUT_RETURN_TYPE = YES_ERROR;
				GCC_WARN_UNDECLARED_SELECTOR = YES;
				GCC_WARN_UNINITIALIZED_AUTOS = YES_AGGRESSIVE;
				GCC_WARN_UNUSED_FUNCTION = YES;
				GCC_WARN_UNUSED_VARIABLE = YES;
				IPHONEOS_DEPLOYMENT_TARGET = 17.0;
				LOCALIZATION_PREFERS_STRING_CATALOGS = YES;
				MTL_ENABLE_DEBUG_INFO = INCLUDE_SOURCE;
				MTL_FAST_MATH = YES;
				ONLY_ACTIVE_ARCH = YES;
				SDKROOT = iphoneos;
				SUPPORTED_PLATFORMS = "iphoneos iphonesimulator";
				SWIFT_ACTIVE_COMPILATION_CONDITIONS = "DEBUG $(inherited)";
				SWIFT_OPTIMIZATION_LEVEL = "-Onone";
			};
			name = Debug;
		};
		2A0000000000000000000073 /* Release */ = {
			isa = XCBuildConfiguration;
			buildSettings = {
				ALWAYS_SEARCH_USER_PATHS = NO;
				ASSETCATALOG_COMPILER_GENERATE_SWIFT_ASSET_SYMBOL_EXTENSIONS = YES;
				CLANG_ANALYZER_NONNULL = YES;
				CLANG_ANALYZER_NUMBER_OBJECT_CONVERSION = YES_AGGRESSIVE;
				CLANG_CXX_LANGUAGE_STANDARD = "gnu++20";
				CLANG_ENABLE_MODULES = YES;
				CLANG_ENABLE_OBJC_ARC = YES;
				CLANG_ENABLE_OBJC_WEAK = YES;
				CLANG_WARN_BLOCK_CAPTURE_AUTORELEASING = YES;
				CLANG_WARN_BOOL_CONVERSION = YES;
				CLANG_WARN_COMMA = YES;
				CLANG_WARN_CONSTANT_CONVERSION = YES;
				CLANG_WARN_DEPRECATED_OBJC_IMPLEMENTATIONS = YES;
				CLANG_WARN_DIRECT_OBJC_ISA_USAGE = YES_ERROR;
				CLANG_WARN_DOCUMENTATION_COMMENTS = YES;
				CLANG_WARN_EMPTY_BODY = YES;
				CLANG_WARN_ENUM_CONVERSION = YES;
				CLANG_WARN_INFINITE_RECURSION = YES;
				CLANG_WARN_INT_CONVERSION = YES;
				CLANG_WARN_NON_LITERAL_NULL_CONVERSION = YES;
				CLANG_WARN_OBJC_IMPLICIT_RETAIN_SELF = YES;
				CLANG_WARN_OBJC_LITERAL_CONVERSION = YES;
				CLANG_WARN_OBJC_ROOT_CLASS = YES_ERROR;
				CLANG_WARN_QUOTED_INCLUDE_IN_FRAMEWORK_HEADER = YES;
				CLANG_WARN_RANGE_LOOP_ANALYSIS = YES;
				CLANG_WARN_STRICT_PROTOTYPES = YES;
				CLANG_WARN_SUSPICIOUS_MOVE = YES;
				CLANG_WARN_UNGUARDED_AVAILABILITY = YES_AGGRESSIVE;
				CLANG_WARN_UNREACHABLE_CODE = YES;
				CLANG_WARN__DUPLICATE_METHOD_MATCH = YES;
				COPY_PHASE_STRIP = NO;
				DEBUG_INFORMATION_FORMAT = "dwarf-with-dsym";
				ENABLE_NS_ASSERTIONS = NO;
				ENABLE_STRICT_OBJC_MSGSEND = YES;
				ENABLE_USER_SCRIPT_SANDBOXING = YES;
				GCC_C_LANGUAGE_STANDARD = gnu17;
				GCC_NO_COMMON_BLOCKS = YES;
				GCC_WARN_64_TO_32_BIT_CONVERSION = YES;
				GCC_WARN_ABOUT_RETURN_TYPE = YES_ERROR;
				GCC_WARN_UNDECLARED_SELECTOR = YES;
				GCC_WARN_UNINITIALIZED_AUTOS = YES_AGGRESSIVE;
				GCC_WARN_UNUSED_FUNCTION = YES;
				GCC_WARN_UNUSED_VARIABLE = YES;
				IPHONEOS_DEPLOYMENT_TARGET = 17.0;
				LOCALIZATION_PREFERS_STRING_CATALOGS = YES;
				MTL_ENABLE_DEBUG_INFO = NO;
				MTL_FAST_MATH = YES;
				SDKROOT = iphoneos;
				SUPPORTED_PLATFORMS = "iphoneos iphonesimulator";
				SWIFT_COMPILATION_MODE = wholemodule;
				VALIDATE_PRODUCT = YES;
			};
			name = Release;
		};
		2A0000000000000000000081 /* Debug */ = {
			isa = XCBuildConfiguration;
			buildSettings = {
				CODE_SIGN_STYLE = Automatic;
				CURRENT_PROJECT_VERSION = 1;
				DEVELOPMENT_ASSET_PATHS = "";
				DEVELOPMENT_TEAM = "";
				ENABLE_PREVIEWS = YES;
				GENERATE_INFOPLIST_FILE = NO;
				INFOPLIST_FILE = "iOS-Portfolio-App-Swift/Info.plist";
				IPHONEOS_DEPLOYMENT_TARGET = 17.0;
				LD_RUNPATH_SEARCH_PATHS = (
					"$(inherited)",
					"@executable_path/Frameworks",
				);
				MARKETING_VERSION = 1.0;
				PRODUCT_BUNDLE_IDENTIFIER = com.hiretimsf.PortfolioSwift;
				PRODUCT_NAME = "$(TARGET_NAME)";
				SUPPORTED_PLATFORMS = "iphoneos iphonesimulator";
				SUPPORTS_MACCATALYST = NO;
				SUPPORTS_MAC_DESIGNED_FOR_IPHONE_IPAD = NO;
				SWIFT_EMIT_LOC_STRINGS = YES;
				SWIFT_VERSION = 6.0;
				TARGETED_DEVICE_FAMILY = "1,2";
			};
			name = Debug;
		};
		2A0000000000000000000082 /* Release */ = {
			isa = XCBuildConfiguration;
			buildSettings = {
				CODE_SIGN_STYLE = Automatic;
				CURRENT_PROJECT_VERSION = 1;
				DEVELOPMENT_ASSET_PATHS = "";
				DEVELOPMENT_TEAM = "";
				ENABLE_PREVIEWS = YES;
				GENERATE_INFOPLIST_FILE = NO;
				INFOPLIST_FILE = "iOS-Portfolio-App-Swift/Info.plist";
				IPHONEOS_DEPLOYMENT_TARGET = 17.0;
				LD_RUNPATH_SEARCH_PATHS = (
					"$(inherited)",
					"@executable_path/Frameworks",
				);
				MARKETING_VERSION = 1.0;
				PRODUCT_BUNDLE_IDENTIFIER = com.hiretimsf.PortfolioSwift;
				PRODUCT_NAME = "$(TARGET_NAME)";
				SUPPORTED_PLATFORMS = "iphoneos iphonesimulator";
				SUPPORTS_MACCATALYST = NO;
				SUPPORTS_MAC_DESIGNED_FOR_IPHONE_IPAD = NO;
				SWIFT_EMIT_LOC_STRINGS = YES;
				SWIFT_VERSION = 6.0;
				TARGETED_DEVICE_FAMILY = "1,2";
			};
			name = Release;
		};
/* End XCBuildConfiguration section */

/* Begin XCConfigurationList section */
		2A0000000000000000000071 /* Build configuration list for PBXProject "iOS-Portfolio-App-Swift" */ = {
			isa = XCConfigurationList;
			buildConfigurations = (
				2A0000000000000000000072 /* Debug */,
				2A0000000000000000000073 /* Release */,
			);
			defaultConfigurationIsVisible = 0;
			defaultConfigurationName = Release;
		};
		2A0000000000000000000080 /* Build configuration list for PBXNativeTarget "iOS-Portfolio-App-Swift" */ = {
			isa = XCConfigurationList;
			buildConfigurations = (
				2A0000000000000000000081 /* Debug */,
				2A0000000000000000000082 /* Release */,
			);
			defaultConfigurationIsVisible = 0;
			defaultConfigurationName = Release;
		};
/* End XCConfigurationList section */
	};
	rootObject = 2A0000000000000000000070 /* Project object */;
}
