// !$*UTF8*$!
{
	archiveVersion = 1;
	classes = {
	};
	objectVersion = 71;
	objects = {

/* Begin PBXBuildFile section */
		2A000000000000000000002C /* Assets.xcassets in Resources */ = {isa = PBXBuildFile; fileRef = 2A0000000000000000000015 /* Assets.xcassets */; };
		2B0000000000000000000201 /* PortfolioApp.swift in Sources */ = {isa = PBXBuildFile; fileRef = 2B0000000000000000000101 /* PortfolioApp.swift */; };
		2B0000000000000000000202 /* Models/AppTheme.swift in Sources */ = {isa = PBXBuildFile; fileRef = 2B0000000000000000000102 /* Models/AppTheme.swift */; };
		2B0000000000000000000203 /* Models/PortfolioModels.swift in Sources */ = {isa = PBXBuildFile; fileRef = 2B0000000000000000000103 /* Models/PortfolioModels.swift */; };
		2B0000000000000000000204 /* UI/Theme/AppColors.swift in Sources */ = {isa = PBXBuildFile; fileRef = 2B0000000000000000000104 /* UI/Theme/AppColors.swift */; };
		2B0000000000000000000205 /* UI/Components/BundledImage.swift in Sources */ = {isa = PBXBuildFile; fileRef = 2B0000000000000000000105 /* UI/Components/BundledImage.swift */; };
		2B0000000000000000000206 /* UI/Components/FlowLayout.swift in Sources */ = {isa = PBXBuildFile; fileRef = 2B0000000000000000000106 /* UI/Components/FlowLayout.swift */; };
		2B0000000000000000000207 /* UI/Components/HeaderPattern.swift in Sources */ = {isa = PBXBuildFile; fileRef = 2B0000000000000000000107 /* UI/Components/HeaderPattern.swift */; };
		2B0000000000000000000208 /* UI/Components/Pill.swift in Sources */ = {isa = PBXBuildFile; fileRef = 2B0000000000000000000108 /* UI/Components/Pill.swift */; };
		2B0000000000000000000209 /* UI/Components/RemoteImageView.swift in Sources */ = {isa = PBXBuildFile; fileRef = 2B0000000000000000000109 /* UI/Components/RemoteImageView.swift */; };
		2B0000000000000000000233 /* UI/Components/PrimaryActionLabel.swift in Sources */ = {isa = PBXBuildFile; fileRef = 2B0000000000000000000133 /* UI/Components/PrimaryActionLabel.swift */; };
		2B0000000000000000000234 /* UI/Components/RichMarkdownText.swift in Sources */ = {isa = PBXBuildFile; fileRef = 2B0000000000000000000134 /* UI/Components/RichMarkdownText.swift */; };
		2B000000000000000000020A /* Utilities/MailUtilities.swift in Sources */ = {isa = PBXBuildFile; fileRef = 2B000000000000000000010A /* Utilities/MailUtilities.swift */; };
		2B000000000000000000020B /* PortfolioRepository.swift in Sources */ = {isa = PBXBuildFile; fileRef = 2B000000000000000000010B /* PortfolioRepository.swift */; };
		2B000000000000000000020C /* PortfolioAPI.swift in Sources */ = {isa = PBXBuildFile; fileRef = 2B000000000000000000010C /* PortfolioAPI.swift */; };
		2B000000000000000000020D /* PortfolioData.swift in Sources */ = {isa = PBXBuildFile; fileRef = 2B000000000000000000010D /* PortfolioData.swift */; };
		2B000000000000000000020E /* OnboardingViewModel.swift in Sources */ = {isa = PBXBuildFile; fileRef = 2B000000000000000000010E /* OnboardingViewModel.swift */; };
		2B000000000000000000020F /* OnboardingView.swift in Sources */ = {isa = PBXBuildFile; fileRef = 2B000000000000000000010F /* OnboardingView.swift */; };
		2B0000000000000000000210 /* OnboardingPageIndicator.swift in Sources */ = {isa = PBXBuildFile; fileRef = 2B0000000000000000000110 /* OnboardingPageIndicator.swift */; };
		2B0000000000000000000211 /* WelcomePageView.swift in Sources */ = {isa = PBXBuildFile; fileRef = 2B0000000000000000000111 /* WelcomePageView.swift */; };
		2B0000000000000000000212 /* AppTab.swift in Sources */ = {isa = PBXBuildFile; fileRef = 2B0000000000000000000112 /* AppTab.swift */; };
		2B0000000000000000000213 /* RootTabViewModel.swift in Sources */ = {isa = PBXBuildFile; fileRef = 2B0000000000000000000113 /* RootTabViewModel.swift */; };
		2B0000000000000000000214 /* RootTabView.swift in Sources */ = {isa = PBXBuildFile; fileRef = 2B0000000000000000000114 /* RootTabView.swift */; };
		2B0000000000000000000215 /* AppNavigation.swift in Sources */ = {isa = PBXBuildFile; fileRef = 2B0000000000000000000115 /* AppNavigation.swift */; };
		2B0000000000000000000216 /* DrawerRow.swift in Sources */ = {isa = PBXBuildFile; fileRef = 2B0000000000000000000116 /* DrawerRow.swift */; };
		2B0000000000000000000217 /* NavigationDrawer.swift in Sources */ = {isa = PBXBuildFile; fileRef = 2B0000000000000000000117 /* NavigationDrawer.swift */; };
		2B0000000000000000000218 /* ProfileView.swift in Sources */ = {isa = PBXBuildFile; fileRef = 2B0000000000000000000118 /* ProfileView.swift */; };
		2B0000000000000000000219 /* ProfileHeaderView.swift in Sources */ = {isa = PBXBuildFile; fileRef = 2B0000000000000000000119 /* ProfileHeaderView.swift */; };
		2B000000000000000000021A /* AboutSectionView.swift in Sources */ = {isa = PBXBuildFile; fileRef = 2B000000000000000000011A /* AboutSectionView.swift */; };
		2B000000000000000000021B /* AboutPhotoCarousel.swift in Sources */ = {isa = PBXBuildFile; fileRef = 2B000000000000000000011B /* AboutPhotoCarousel.swift */; };
		2B000000000000000000021C /* PortfolioViewModel.swift in Sources */ = {isa = PBXBuildFile; fileRef = 2B000000000000000000011C /* PortfolioViewModel.swift */; };
		2B000000000000000000021D /* PortfolioView.swift in Sources */ = {isa = PBXBuildFile; fileRef = 2B000000000000000000011D /* PortfolioView.swift */; };
		2B000000000000000000021F /* ProjectCardView.swift in Sources */ = {isa = PBXBuildFile; fileRef = 2B000000000000000000011F /* ProjectCardView.swift */; };
		2B0000000000000000000220 /* ProjectDetailView.swift in Sources */ = {isa = PBXBuildFile; fileRef = 2B0000000000000000000120 /* ProjectDetailView.swift */; };
		2B0000000000000000000221 /* BlogDetailViewModel.swift in Sources */ = {isa = PBXBuildFile; fileRef = 2B0000000000000000000121 /* BlogDetailViewModel.swift */; };
		2B0000000000000000000222 /* BlogContentBlock.swift in Sources */ = {isa = PBXBuildFile; fileRef = 2B0000000000000000000122 /* BlogContentBlock.swift */; };
		2B0000000000000000000223 /* BlogView.swift in Sources */ = {isa = PBXBuildFile; fileRef = 2B0000000000000000000123 /* BlogView.swift */; };
		2B0000000000000000000224 /* BlogPostCardView.swift in Sources */ = {isa = PBXBuildFile; fileRef = 2B0000000000000000000124 /* BlogPostCardView.swift */; };
		2B0000000000000000000225 /* BlogDetailView.swift in Sources */ = {isa = PBXBuildFile; fileRef = 2B0000000000000000000125 /* BlogDetailView.swift */; };
		2B0000000000000000000226 /* BlogContentBlocks.swift in Sources */ = {isa = PBXBuildFile; fileRef = 2B0000000000000000000126 /* BlogContentBlocks.swift */; };
		2B0000000000000000000227 /* ContactView.swift in Sources */ = {isa = PBXBuildFile; fileRef = 2B0000000000000000000127 /* ContactView.swift */; };
		2B0000000000000000000228 /* ContactSection.swift in Sources */ = {isa = PBXBuildFile; fileRef = 2B0000000000000000000128 /* ContactSection.swift */; };
		2B0000000000000000000229 /* ContactRow.swift in Sources */ = {isa = PBXBuildFile; fileRef = 2B0000000000000000000129 /* ContactRow.swift */; };
		2B000000000000000000022A /* SearchResult.swift in Sources */ = {isa = PBXBuildFile; fileRef = 2B000000000000000000012A /* SearchResult.swift */; };
		2B000000000000000000022B /* SearchViewModel.swift in Sources */ = {isa = PBXBuildFile; fileRef = 2B000000000000000000012B /* SearchViewModel.swift */; };
		2B000000000000000000022C /* SearchView.swift in Sources */ = {isa = PBXBuildFile; fileRef = 2B000000000000000000012C /* SearchView.swift */; };
		2B000000000000000000022D /* SettingsView.swift in Sources */ = {isa = PBXBuildFile; fileRef = 2B000000000000000000012D /* SettingsView.swift */; };
		2B000000000000000000022E /* SettingsRow.swift in Sources */ = {isa = PBXBuildFile; fileRef = 2B000000000000000000012E /* SettingsRow.swift */; };
		2B000000000000000000022F /* DataDeletionView.swift in Sources */ = {isa = PBXBuildFile; fileRef = 2B000000000000000000012F /* DataDeletionView.swift */; };
		2B0000000000000000000230 /* AppEnvironment.swift in Sources */ = {isa = PBXBuildFile; fileRef = 2B0000000000000000000130 /* AppEnvironment.swift */; };
		2B0000000000000000000231 /* PortfolioService.swift in Sources */ = {isa = PBXBuildFile; fileRef = 2B0000000000000000000131 /* PortfolioService.swift */; };
		2B0000000000000000000232 /* AppSplashView.swift in Sources */ = {isa = PBXBuildFile; fileRef = 2B0000000000000000000132 /* AppSplashView.swift */; };
		2C0000000000000000000005 /* GoogleService-Info.plist in Resources */ = {isa = PBXBuildFile; fileRef = 2C0000000000000000000014 /* GoogleService-Info.plist */; };
		2C0000000000000000000006 /* PrivacyInfo.xcprivacy in Resources */ = {isa = PBXBuildFile; fileRef = 2C0000000000000000000015 /* PrivacyInfo.xcprivacy */; };
		2C0000000000000000000001 /* FirebaseCore in Frameworks */ = {isa = PBXBuildFile; productRef = 2C0000000000000000000011 /* FirebaseCore */; };
		2C0000000000000000000002 /* FirebaseAnalytics in Frameworks */ = {isa = PBXBuildFile; productRef = 2C0000000000000000000012 /* FirebaseAnalytics */; };
		2C0000000000000000000003 /* FirebaseCrashlytics in Frameworks */ = {isa = PBXBuildFile; productRef = 2C0000000000000000000013 /* FirebaseCrashlytics */; };
/* End PBXBuildFile section */

/* Begin PBXFileReference section */
		2A0000000000000000000010 /* iOS-Portfolio-App-Swift.app */ = {isa = PBXFileReference; explicitFileType = wrapper.application; includeInIndex = 0; path = "iOS-Portfolio-App-Swift.app"; sourceTree = BUILT_PRODUCTS_DIR; };
		2A0000000000000000000015 /* Assets.xcassets */ = {isa = PBXFileReference; lastKnownFileType = folder.assetcatalog; path = Assets.xcassets; sourceTree = "<group>"; };
		2A0000000000000000000016 /* README.md */ = {isa = PBXFileReference; lastKnownFileType = net.daringfireball.markdown; path = README.md; sourceTree = "<group>"; };
		2A0000000000000000000017 /* Info.plist */ = {isa = PBXFileReference; lastKnownFileType = text.plist.xml; path = Info.plist; sourceTree = "<group>"; };
		2B0000000000000000000101 /* PortfolioApp.swift */ = {isa = PBXFileReference; lastKnownFileType = sourcecode.swift; path = PortfolioApp.swift; sourceTree = "<group>"; };
		2B0000000000000000000102 /* Models/AppTheme.swift */ = {isa = PBXFileReference; lastKnownFileType = sourcecode.swift; path = Models/AppTheme.swift; sourceTree = "<group>"; };
		2B0000000000000000000103 /* Models/PortfolioModels.swift */ = {isa = PBXFileReference; lastKnownFileType = sourcecode.swift; path = Models/PortfolioModels.swift; sourceTree = "<group>"; };
		2B0000000000000000000104 /* UI/Theme/AppColors.swift */ = {isa = PBXFileReference; lastKnownFileType = sourcecode.swift; path = UI/Theme/AppColors.swift; sourceTree = "<group>"; };
		2B0000000000000000000105 /* UI/Components/BundledImage.swift */ = {isa = PBXFileReference; lastKnownFileType = sourcecode.swift; path = UI/Components/BundledImage.swift; sourceTree = "<group>"; };
		2B0000000000000000000106 /* UI/Components/FlowLayout.swift */ = {isa = PBXFileReference; lastKnownFileType = sourcecode.swift; path = UI/Components/FlowLayout.swift; sourceTree = "<group>"; };
		2B0000000000000000000107 /* UI/Components/HeaderPattern.swift */ = {isa = PBXFileReference; lastKnownFileType = sourcecode.swift; path = UI/Components/HeaderPattern.swift; sourceTree = "<group>"; };
		2B0000000000000000000108 /* UI/Components/Pill.swift */ = {isa = PBXFileReference; lastKnownFileType = sourcecode.swift; path = UI/Components/Pill.swift; sourceTree = "<group>"; };
		2B0000000000000000000109 /* UI/Components/RemoteImageView.swift */ = {isa = PBXFileReference; lastKnownFileType = sourcecode.swift; path = UI/Components/RemoteImageView.swift; sourceTree = "<group>"; };
		2B0000000000000000000133 /* UI/Components/PrimaryActionLabel.swift */ = {isa = PBXFileReference; lastKnownFileType = sourcecode.swift; path = UI/Components/PrimaryActionLabel.swift; sourceTree = "<group>"; };
		2B0000000000000000000134 /* UI/Components/RichMarkdownText.swift */ = {isa = PBXFileReference; lastKnownFileType = sourcecode.swift; path = UI/Components/RichMarkdownText.swift; sourceTree = "<group>"; };
		2B000000000000000000010A /* Utilities/MailUtilities.swift */ = {isa = PBXFileReference; lastKnownFileType = sourcecode.swift; path = Utilities/MailUtilities.swift; sourceTree = "<group>"; };
		2B000000000000000000010B /* PortfolioRepository.swift */ = {isa = PBXFileReference; lastKnownFileType = sourcecode.swift; path = PortfolioRepository.swift; sourceTree = "<group>"; };
		2B000000000000000000010C /* PortfolioAPI.swift */ = {isa = PBXFileReference; lastKnownFileType = sourcecode.swift; path = PortfolioAPI.swift; sourceTree = "<group>"; };
		2B000000000000000000010D /* PortfolioData.swift */ = {isa = PBXFileReference; lastKnownFileType = sourcecode.swift; path = PortfolioData.swift; sourceTree = "<group>"; };
		2B000000000000000000010E /* OnboardingViewModel.swift */ = {isa = PBXFileReference; lastKnownFileType = sourcecode.swift; path = OnboardingViewModel.swift; sourceTree = "<group>"; };
		2B000000000000000000010F /* OnboardingView.swift */ = {isa = PBXFileReference; lastKnownFileType = sourcecode.swift; path = OnboardingView.swift; sourceTree = "<group>"; };
		2B0000000000000000000110 /* OnboardingPageIndicator.swift */ = {isa = PBXFileReference; lastKnownFileType = sourcecode.swift; path = OnboardingPageIndicator.swift; sourceTree = "<group>"; };
		2B0000000000000000000111 /* WelcomePageView.swift */ = {isa = PBXFileReference; lastKnownFileType = sourcecode.swift; path = WelcomePageView.swift; sourceTree = "<group>"; };
		2B0000000000000000000112 /* AppTab.swift */ = {isa = PBXFileReference; lastKnownFileType = sourcecode.swift; path = AppTab.swift; sourceTree = "<group>"; };
		2B0000000000000000000113 /* RootTabViewModel.swift */ = {isa = PBXFileReference; lastKnownFileType = sourcecode.swift; path = RootTabViewModel.swift; sourceTree = "<group>"; };
		2B0000000000000000000114 /* RootTabView.swift */ = {isa = PBXFileReference; lastKnownFileType = sourcecode.swift; path = RootTabView.swift; sourceTree = "<group>"; };
		2B0000000000000000000115 /* AppNavigation.swift */ = {isa = PBXFileReference; lastKnownFileType = sourcecode.swift; path = AppNavigation.swift; sourceTree = "<group>"; };
		2B0000000000000000000116 /* DrawerRow.swift */ = {isa = PBXFileReference; lastKnownFileType = sourcecode.swift; path = DrawerRow.swift; sourceTree = "<group>"; };
		2B0000000000000000000117 /* NavigationDrawer.swift */ = {isa = PBXFileReference; lastKnownFileType = sourcecode.swift; path = NavigationDrawer.swift; sourceTree = "<group>"; };
		2B0000000000000000000118 /* ProfileView.swift */ = {isa = PBXFileReference; lastKnownFileType = sourcecode.swift; path = ProfileView.swift; sourceTree = "<group>"; };
		2B0000000000000000000119 /* ProfileHeaderView.swift */ = {isa = PBXFileReference; lastKnownFileType = sourcecode.swift; path = ProfileHeaderView.swift; sourceTree = "<group>"; };
		2B000000000000000000011A /* AboutSectionView.swift */ = {isa = PBXFileReference; lastKnownFileType = sourcecode.swift; path = AboutSectionView.swift; sourceTree = "<group>"; };
		2B000000000000000000011B /* AboutPhotoCarousel.swift */ = {isa = PBXFileReference; lastKnownFileType = sourcecode.swift; path = AboutPhotoCarousel.swift; sourceTree = "<group>"; };
		2B000000000000000000011C /* PortfolioViewModel.swift */ = {isa = PBXFileReference; lastKnownFileType = sourcecode.swift; path = PortfolioViewModel.swift; sourceTree = "<group>"; };
		2B000000000000000000011D /* PortfolioView.swift */ = {isa = PBXFileReference; lastKnownFileType = sourcecode.swift; path = PortfolioView.swift; sourceTree = "<group>"; };
		2B000000000000000000011F /* ProjectCardView.swift */ = {isa = PBXFileReference; lastKnownFileType = sourcecode.swift; path = ProjectCardView.swift; sourceTree = "<group>"; };
		2B0000000000000000000120 /* ProjectDetailView.swift */ = {isa = PBXFileReference; lastKnownFileType = sourcecode.swift; path = ProjectDetailView.swift; sourceTree = "<group>"; };
		2B0000000000000000000121 /* BlogDetailViewModel.swift */ = {isa = PBXFileReference; lastKnownFileType = sourcecode.swift; path = BlogDetailViewModel.swift; sourceTree = "<group>"; };
		2B0000000000000000000122 /* BlogContentBlock.swift */ = {isa = PBXFileReference; lastKnownFileType = sourcecode.swift; path = BlogContentBlock.swift; sourceTree = "<group>"; };
		2B0000000000000000000123 /* BlogView.swift */ = {isa = PBXFileReference; lastKnownFileType = sourcecode.swift; path = BlogView.swift; sourceTree = "<group>"; };
		2B0000000000000000000124 /* BlogPostCardView.swift */ = {isa = PBXFileReference; lastKnownFileType = sourcecode.swift; path = BlogPostCardView.swift; sourceTree = "<group>"; };
		2B0000000000000000000125 /* BlogDetailView.swift */ = {isa = PBXFileReference; lastKnownFileType = sourcecode.swift; path = BlogDetailView.swift; sourceTree = "<group>"; };
		2B0000000000000000000126 /* BlogContentBlocks.swift */ = {isa = PBXFileReference; lastKnownFileType = sourcecode.swift; path = BlogContentBlocks.swift; sourceTree = "<group>"; };
		2B0000000000000000000127 /* ContactView.swift */ = {isa = PBXFileReference; lastKnownFileType = sourcecode.swift; path = ContactView.swift; sourceTree = "<group>"; };
		2B0000000000000000000128 /* ContactSection.swift */ = {isa = PBXFileReference; lastKnownFileType = sourcecode.swift; path = ContactSection.swift; sourceTree = "<group>"; };
		2B0000000000000000000129 /* ContactRow.swift */ = {isa = PBXFileReference; lastKnownFileType = sourcecode.swift; path = ContactRow.swift; sourceTree = "<group>"; };
		2B000000000000000000012A /* SearchResult.swift */ = {isa = PBXFileReference; lastKnownFileType = sourcecode.swift; path = SearchResult.swift; sourceTree = "<group>"; };
		2B000000000000000000012B /* SearchViewModel.swift */ = {isa = PBXFileReference; lastKnownFileType = sourcecode.swift; path = SearchViewModel.swift; sourceTree = "<group>"; };
		2B000000000000000000012C /* SearchView.swift */ = {isa = PBXFileReference; lastKnownFileType = sourcecode.swift; path = SearchView.swift; sourceTree = "<group>"; };
		2B000000000000000000012D /* SettingsView.swift */ = {isa = PBXFileReference; lastKnownFileType = sourcecode.swift; path = SettingsView.swift; sourceTree = "<group>"; };
		2B000000000000000000012E /* SettingsRow.swift */ = {isa = PBXFileReference; lastKnownFileType = sourcecode.swift; path = SettingsRow.swift; sourceTree = "<group>"; };
		2B000000000000000000012F /* DataDeletionView.swift */ = {isa = PBXFileReference; lastKnownFileType = sourcecode.swift; path = DataDeletionView.swift; sourceTree = "<group>"; };
		2B0000000000000000000130 /* AppEnvironment.swift */ = {isa = PBXFileReference; lastKnownFileType = sourcecode.swift; path = AppEnvironment.swift; sourceTree = "<group>"; };
		2B0000000000000000000131 /* PortfolioService.swift */ = {isa = PBXFileReference; lastKnownFileType = sourcecode.swift; path = PortfolioService.swift; sourceTree = "<group>"; };
		2B0000000000000000000132 /* AppSplashView.swift */ = {isa = PBXFileReference; lastKnownFileType = sourcecode.swift; path = AppSplashView.swift; sourceTree = "<group>"; };
		2C0000000000000000000014 /* GoogleService-Info.plist */ = {isa = PBXFileReference; lastKnownFileType = text.plist.xml; path = "GoogleService-Info.plist"; sourceTree = "<group>"; };
		2C0000000000000000000015 /* PrivacyInfo.xcprivacy */ = {isa = PBXFileReference; lastKnownFileType = text.plist.xml; path = PrivacyInfo.xcprivacy; sourceTree = "<group>"; };
/* End PBXFileReference section */

/* Begin PBXFrameworksBuildPhase section */
		2A0000000000000000000020 /* Frameworks */ = {
			isa = PBXFrameworksBuildPhase;
			buildActionMask = 2147483647;
			files = (
				2C0000000000000000000001 /* FirebaseCore in Frameworks */,
				2C0000000000000000000002 /* FirebaseAnalytics in Frameworks */,
				2C0000000000000000000003 /* FirebaseCrashlytics in Frameworks */,
			);
			runOnlyForDeploymentPostprocessing = 0;
		};
/* End PBXFrameworksBuildPhase section */

/* Begin PBXGroup section */
		2A0000000000000000000030 = {
			isa = PBXGroup;
			children = (
				2A0000000000000000000031 /* iOS-Portfolio-App-Swift */,
				2A0000000000000000000032 /* Products */,
			);
			sourceTree = "<group>";
		};
		2A0000000000000000000031 /* iOS-Portfolio-App-Swift */ = {
			isa = PBXGroup;
			children = (
				2B0000000000000000000301 /* App */,
				2B0000000000000000000302 /* Shared */,
				2B0000000000000000000303 /* Data */,
				2B0000000000000000000304 /* Features */,
				2A0000000000000000000015 /* Assets.xcassets */,
				2A0000000000000000000017 /* Info.plist */,
				2C0000000000000000000014 /* GoogleService-Info.plist */,
				2C0000000000000000000015 /* PrivacyInfo.xcprivacy */,
				2A0000000000000000000016 /* README.md */,
			);
			path = "iOS-Portfolio-App-Swift";
			sourceTree = "<group>";
		};
		2A0000000000000000000032 /* Products */ = {
			isa = PBXGroup;
			children = (
				2A0000000000000000000010 /* iOS-Portfolio-App-Swift.app */,
			);
			name = Products;
			sourceTree = "<group>";
		};
		2B0000000000000000000301 /* App */ = {
			isa = PBXGroup;
			children = (
				2B0000000000000000000101 /* PortfolioApp.swift */,
				2B0000000000000000000130 /* AppEnvironment.swift */,
				2B0000000000000000000132 /* AppSplashView.swift */,
			);
			path = App;
			sourceTree = "<group>";
		};
		2B0000000000000000000302 /* Shared */ = {
			isa = PBXGroup;
			children = (
				2B0000000000000000000102 /* Models/AppTheme.swift */,
				2B0000000000000000000103 /* Models/PortfolioModels.swift */,
				2B0000000000000000000104 /* UI/Theme/AppColors.swift */,
				2B0000000000000000000105 /* UI/Components/BundledImage.swift */,
				2B0000000000000000000106 /* UI/Components/FlowLayout.swift */,
				2B0000000000000000000107 /* UI/Components/HeaderPattern.swift */,
				2B0000000000000000000108 /* UI/Components/Pill.swift */,
				2B0000000000000000000109 /* UI/Components/RemoteImageView.swift */,
				2B0000000000000000000133 /* UI/Components/PrimaryActionLabel.swift */,
				2B0000000000000000000134 /* UI/Components/RichMarkdownText.swift */,
				2B000000000000000000010A /* Utilities/MailUtilities.swift */,
			);
			path = Shared;
			sourceTree = "<group>";
		};
		2B0000000000000000000303 /* Data */ = {
			isa = PBXGroup;
			children = (
				2B0000000000000000000401 /* Database */,
				2B0000000000000000000402 /* Repositories */,
				2B0000000000000000000403 /* Services */,
			);
			path = Data;
			sourceTree = "<group>";
		};
		2B0000000000000000000304 /* Features */ = {
			isa = PBXGroup;
			children = (
				2B0000000000000000000501 /* Blog */,
				2B0000000000000000000505 /* Contact */,
				2B0000000000000000000509 /* Onboarding */,
				2B000000000000000000050D /* Portfolio */,
				2B0000000000000000000511 /* Profile */,
				2B0000000000000000000515 /* Search */,
				2B0000000000000000000519 /* Settings */,
				2B000000000000000000051D /* Shell */,
			);
			path = Features;
			sourceTree = "<group>";
		};
		2B0000000000000000000401 /* Database */ = {
			isa = PBXGroup;
			children = (
				2B000000000000000000010D /* PortfolioData.swift */,
			);
			path = Database;
			sourceTree = "<group>";
		};
		2B0000000000000000000402 /* Repositories */ = {
			isa = PBXGroup;
			children = (
				2B000000000000000000010B /* PortfolioRepository.swift */,
			);
			path = Repositories;
			sourceTree = "<group>";
		};
		2B0000000000000000000403 /* Services */ = {
			isa = PBXGroup;
			children = (
				2B000000000000000000010C /* PortfolioAPI.swift */,
				2B0000000000000000000131 /* PortfolioService.swift */,
			);
			path = Services;
			sourceTree = "<group>";
		};
		2B0000000000000000000501 /* Blog */ = {
			isa = PBXGroup;
			children = (
				2B0000000000000000000502 /* Models */,
				2B0000000000000000000503 /* UI */,
				2B0000000000000000000504 /* ViewModels */,
			);
			path = Blog;
			sourceTree = "<group>";
		};
		2B0000000000000000000502 /* Models */ = {
			isa = PBXGroup;
			children = (
				2B0000000000000000000122 /* BlogContentBlock.swift */,
			);
			path = Models;
			sourceTree = "<group>";
		};
		2B0000000000000000000503 /* UI */ = {
			isa = PBXGroup;
			children = (
				2B0000000000000000000123 /* BlogView.swift */,
				2B0000000000000000000124 /* BlogPostCardView.swift */,
				2B0000000000000000000125 /* BlogDetailView.swift */,
				2B0000000000000000000126 /* BlogContentBlocks.swift */,
			);
			path = UI;
			sourceTree = "<group>";
		};
		2B0000000000000000000504 /* ViewModels */ = {
			isa = PBXGroup;
			children = (
				2B0000000000000000000121 /* BlogDetailViewModel.swift */,
			);
			path = ViewModels;
			sourceTree = "<group>";
		};
		2B0000000000000000000505 /* Contact */ = {
			isa = PBXGroup;
			children = (
				2B0000000000000000000507 /* UI */,
			);
			path = Contact;
			sourceTree = "<group>";
		};
		2B0000000000000000000507 /* UI */ = {
			isa = PBXGroup;
			children = (
				2B0000000000000000000127 /* ContactView.swift */,
				2B0000000000000000000128 /* ContactSection.swift */,
				2B0000000000000000000129 /* ContactRow.swift */,
			);
			path = UI;
			sourceTree = "<group>";
		};
		2B0000000000000000000509 /* Onboarding */ = {
			isa = PBXGroup;
			children = (
				2B000000000000000000050B /* UI */,
				2B000000000000000000050C /* ViewModels */,
			);
			path = Onboarding;
			sourceTree = "<group>";
		};
		2B000000000000000000050B /* UI */ = {
			isa = PBXGroup;
			children = (
				2B000000000000000000010F /* OnboardingView.swift */,
				2B0000000000000000000110 /* OnboardingPageIndicator.swift */,
				2B0000000000000000000111 /* WelcomePageView.swift */,
			);
			path = UI;
			sourceTree = "<group>";
		};
		2B000000000000000000050C /* ViewModels */ = {
			isa = PBXGroup;
			children = (
				2B000000000000000000010E /* OnboardingViewModel.swift */,
			);
			path = ViewModels;
			sourceTree = "<group>";
		};
		2B000000000000000000050D /* Portfolio */ = {
			isa = PBXGroup;
			children = (
				2B000000000000000000050F /* UI */,
				2B0000000000000000000510 /* ViewModels */,
			);
			path = Portfolio;
			sourceTree = "<group>";
		};
		2B000000000000000000050F /* UI */ = {
			isa = PBXGroup;
			children = (
				2B000000000000000000011D /* PortfolioView.swift */,
				2B000000000000000000011F /* ProjectCardView.swift */,
				2B0000000000000000000120 /* ProjectDetailView.swift */,
			);
			path = UI;
			sourceTree = "<group>";
		};
		2B0000000000000000000510 /* ViewModels */ = {
			isa = PBXGroup;
			children = (
				2B000000000000000000011C /* PortfolioViewModel.swift */,
			);
			path = ViewModels;
			sourceTree = "<group>";
		};
		2B0000000000000000000511 /* Profile */ = {
			isa = PBXGroup;
			children = (
				2B0000000000000000000513 /* UI */,
			);
			path = Profile;
			sourceTree = "<group>";
		};
		2B0000000000000000000513 /* UI */ = {
			isa = PBXGroup;
			children = (
				2B0000000000000000000118 /* ProfileView.swift */,
				2B0000000000000000000119 /* ProfileHeaderView.swift */,
				2B000000000000000000011A /* AboutSectionView.swift */,
				2B000000000000000000011B /* AboutPhotoCarousel.swift */,
			);
			path = UI;
			sourceTree = "<group>";
		};
		2B0000000000000000000515 /* Search */ = {
			isa = PBXGroup;
			children = (
				2B0000000000000000000516 /* Models */,
				2B0000000000000000000517 /* UI */,
				2B0000000000000000000518 /* ViewModels */,
			);
			path = Search;
			sourceTree = "<group>";
		};
		2B0000000000000000000516 /* Models */ = {
			isa = PBXGroup;
			children = (
				2B000000000000000000012A /* SearchResult.swift */,
			);
			path = Models;
			sourceTree = "<group>";
		};
		2B0000000000000000000517 /* UI */ = {
			isa = PBXGroup;
			children = (
				2B000000000000000000012C /* SearchView.swift */,
			);
			path = UI;
			sourceTree = "<group>";
		};
		2B0000000000000000000518 /* ViewModels */ = {
			isa = PBXGroup;
			children = (
				2B000000000000000000012B /* SearchViewModel.swift */,
			);
			path = ViewModels;
			sourceTree = "<group>";
		};
		2B0000000000000000000519 /* Settings */ = {
			isa = PBXGroup;
			children = (
				2B000000000000000000051B /* UI */,
			);
			path = Settings;
			sourceTree = "<group>";
		};
		2B000000000000000000051B /* UI */ = {
			isa = PBXGroup;
			children = (
				2B000000000000000000012D /* SettingsView.swift */,
				2B000000000000000000012E /* SettingsRow.swift */,
				2B000000000000000000012F /* DataDeletionView.swift */,
			);
			path = UI;
			sourceTree = "<group>";
		};
		2B000000000000000000051D /* Shell */ = {
			isa = PBXGroup;
			children = (
				2B000000000000000000051E /* Models */,
				2B000000000000000000051F /* UI */,
				2B0000000000000000000520 /* ViewModels */,
			);
			path = Shell;
			sourceTree = "<group>";
		};
		2B000000000000000000051E /* Models */ = {
			isa = PBXGroup;
			children = (
				2B0000000000000000000112 /* AppTab.swift */,
			);
			path = Models;
			sourceTree = "<group>";
		};
		2B000000000000000000051F /* UI */ = {
			isa = PBXGroup;
			children = (
				2B0000000000000000000114 /* RootTabView.swift */,
				2B0000000000000000000115 /* AppNavigation.swift */,
				2B0000000000000000000116 /* DrawerRow.swift */,
				2B0000000000000000000117 /* NavigationDrawer.swift */,
			);
			path = UI;
			sourceTree = "<group>";
		};
		2B0000000000000000000520 /* ViewModels */ = {
			isa = PBXGroup;
			children = (
				2B0000000000000000000113 /* RootTabViewModel.swift */,
			);
			path = ViewModels;
			sourceTree = "<group>";
		};
/* End PBXGroup section */

/* Begin PBXNativeTarget section */
		2A0000000000000000000040 /* iOS-Portfolio-App-Swift */ = {
			isa = PBXNativeTarget;
			buildConfigurationList = 2A0000000000000000000080 /* Build configuration list for PBXNativeTarget "iOS-Portfolio-App-Swift" */;
			buildPhases = (
				2A0000000000000000000050 /* Sources */,
				2A0000000000000000000020 /* Frameworks */,
				2A0000000000000000000060 /* Resources */,
				2C0000000000000000000004 /* Upload Crashlytics Symbols */,
			);
			buildRules = (
			);
			dependencies = (
			);
			name = "iOS-Portfolio-App-Swift";
			packageProductDependencies = (
				2C0000000000000000000011 /* FirebaseCore */,
				2C0000000000000000000012 /* FirebaseAnalytics */,
				2C0000000000000000000013 /* FirebaseCrashlytics */,
			);
			productName = "iOS-Portfolio-App-Swift";
			productReference = 2A0000000000000000000010 /* iOS-Portfolio-App-Swift.app */;
			productType = "com.apple.product-type.application";
		};
/* End PBXNativeTarget section */

/* Begin PBXProject section */
		2A0000000000000000000070 /* Project object */ = {
			isa = PBXProject;
			attributes = {
				BuildIndependentTargetsInParallel = 1;
				LastSwiftUpdateCheck = 2650;
				LastUpgradeCheck = 2650;
				TargetAttributes = {
					2A0000000000000000000040 = {
						CreatedOnToolsVersion = 26.5;
						ProvisioningStyle = Automatic;
					};
				};
			};
			buildConfigurationList = 2A0000000000000000000071 /* Build configuration list for PBXProject "iOS-Portfolio-App-Swift" */;
			compatibilityVersion = "Xcode 16.0";
			developmentRegion = en;
			hasScannedForEncodings = 0;
			knownRegions = (
				en,
				Base,
			);
			mainGroup = 2A0000000000000000000030;
			minimizedProjectReferenceProxies = 1;
			packageReferences = (
				2C0000000000000000000010 /* XCRemoteSwiftPackageReference "firebase-ios-sdk" */,
			);
			productRefGroup = 2A0000000000000000000032 /* Products */;
			projectDirPath = "";
			projectRoot = "";
			targets = (
				2A0000000000000000000040 /* iOS-Portfolio-App-Swift */,
			);
		};
/* End PBXProject section */

/* Begin PBXResourcesBuildPhase section */
		2A0000000000000000000060 /* Resources */ = {
			isa = PBXResourcesBuildPhase;
			buildActionMask = 2147483647;
			files = (
				2A000000000000000000002C /* Assets.xcassets in Resources */,
				2C0000000000000000000005 /* GoogleService-Info.plist in Resources */,
				2C0000000000000000000006 /* PrivacyInfo.xcprivacy in Resources */,
			);
			runOnlyForDeploymentPostprocessing = 0;
		};
/* End PBXResourcesBuildPhase section */

/* Begin PBXShellScriptBuildPhase section */
		2C0000000000000000000004 /* Upload Crashlytics Symbols */ = {
			isa = PBXShellScriptBuildPhase;
			alwaysOutOfDate = 1;
			buildActionMask = 2147483647;
			files = (
			);
			inputFileListPaths = (
			);
			inputPaths = (
				"${DWARF_DSYM_FOLDER_PATH}/${DWARF_DSYM_FILE_NAME}",
				"${DWARF_DSYM_FOLDER_PATH}/${DWARF_DSYM_FILE_NAME}/Contents/Resources/DWARF/${PRODUCT_NAME}",
				"${DWARF_DSYM_FOLDER_PATH}/${DWARF_DSYM_FILE_NAME}/Contents/Info.plist",
				"${TARGET_BUILD_DIR}/${UNLOCALIZED_RESOURCES_FOLDER_PATH}/GoogleService-Info.plist",
				"${TARGET_BUILD_DIR}/${EXECUTABLE_PATH}",
			);
			name = "Upload Crashlytics Symbols";
			outputFileListPaths = (
			);
			outputPaths = (
			);
			runOnlyForDeploymentPostprocessing = 0;
			shellPath = /bin/sh;
			shellScript = "if [ \"$CONFIGURATION\" != \"Release\" ] || [ \"$EFFECTIVE_PLATFORM_NAME\" != \"-iphoneos\" ]; then\n  echo \"Skipping Firebase Crashlytics dSYM upload for $CONFIGURATION$EFFECTIVE_PLATFORM_NAME.\"\n  exit 0\nfi\n\nGOOGLE_SERVICE_INFO=\"${TARGET_BUILD_DIR}/${UNLOCALIZED_RESOURCES_FOLDER_PATH}/GoogleService-Info.plist\"\nCRASHLYTICS_RUN=\"${BUILD_DIR%/Build/*}/SourcePackages/checkouts/firebase-ios-sdk/Crashlytics/run\"\n\nif [ ! -f \"$GOOGLE_SERVICE_INFO\" ]; then\n  echo \"warning: GoogleService-Info.plist not found; skipping Firebase Crashlytics dSYM upload.\"\n  exit 0\nfi\n\nif [ ! -x \"$CRASHLYTICS_RUN\" ]; then\n  echo \"warning: Firebase Crashlytics run script not found; skipping dSYM upload.\"\n  exit 0\nfi\n\n\"$CRASHLYTICS_RUN\"\n";
		};
/* End PBXShellScriptBuildPhase section */

/* Begin PBXSourcesBuildPhase section */
		2A0000000000000000000050 /* Sources */ = {
			isa = PBXSourcesBuildPhase;
			buildActionMask = 2147483647;
			files = (
				2B0000000000000000000201 /* PortfolioApp.swift in Sources */,
				2B0000000000000000000230 /* AppEnvironment.swift in Sources */,
				2B0000000000000000000232 /* AppSplashView.swift in Sources */,
				2B0000000000000000000202 /* Models/AppTheme.swift in Sources */,
				2B0000000000000000000203 /* Models/PortfolioModels.swift in Sources */,
				2B0000000000000000000204 /* UI/Theme/AppColors.swift in Sources */,
				2B0000000000000000000205 /* UI/Components/BundledImage.swift in Sources */,
				2B0000000000000000000206 /* UI/Components/FlowLayout.swift in Sources */,
				2B0000000000000000000207 /* UI/Components/HeaderPattern.swift in Sources */,
				2B0000000000000000000208 /* UI/Components/Pill.swift in Sources */,
				2B0000000000000000000209 /* UI/Components/RemoteImageView.swift in Sources */,
				2B0000000000000000000233 /* UI/Components/PrimaryActionLabel.swift in Sources */,
				2B0000000000000000000234 /* UI/Components/RichMarkdownText.swift in Sources */,
				2B000000000000000000020A /* Utilities/MailUtilities.swift in Sources */,
				2B000000000000000000020B /* PortfolioRepository.swift in Sources */,
				2B000000000000000000020C /* PortfolioAPI.swift in Sources */,
				2B0000000000000000000231 /* PortfolioService.swift in Sources */,
				2B000000000000000000020D /* PortfolioData.swift in Sources */,
				2B000000000000000000020E /* OnboardingViewModel.swift in Sources */,
				2B000000000000000000020F /* OnboardingView.swift in Sources */,
				2B0000000000000000000210 /* OnboardingPageIndicator.swift in Sources */,
				2B0000000000000000000211 /* WelcomePageView.swift in Sources */,
				2B0000000000000000000212 /* AppTab.swift in Sources */,
				2B0000000000000000000213 /* RootTabViewModel.swift in Sources */,
				2B0000000000000000000214 /* RootTabView.swift in Sources */,
				2B0000000000000000000215 /* AppNavigation.swift in Sources */,
				2B0000000000000000000216 /* DrawerRow.swift in Sources */,
				2B0000000000000000000217 /* NavigationDrawer.swift in Sources */,
				2B0000000000000000000218 /* ProfileView.swift in Sources */,
				2B0000000000000000000219 /* ProfileHeaderView.swift in Sources */,
				2B000000000000000000021A /* AboutSectionView.swift in Sources */,
				2B000000000000000000021B /* AboutPhotoCarousel.swift in Sources */,
				2B000000000000000000021C /* PortfolioViewModel.swift in Sources */,
				2B000000000000000000021D /* PortfolioView.swift in Sources */,
				2B000000000000000000021F /* ProjectCardView.swift in Sources */,
				2B0000000000000000000220 /* ProjectDetailView.swift in Sources */,
				2B0000000000000000000221 /* BlogDetailViewModel.swift in Sources */,
				2B0000000000000000000222 /* BlogContentBlock.swift in Sources */,
				2B0000000000000000000223 /* BlogView.swift in Sources */,
				2B0000000000000000000224 /* BlogPostCardView.swift in Sources */,
				2B0000000000000000000225 /* BlogDetailView.swift in Sources */,
				2B0000000000000000000226 /* BlogContentBlocks.swift in Sources */,
				2B0000000000000000000227 /* ContactView.swift in Sources */,
				2B0000000000000000000228 /* ContactSection.swift in Sources */,
				2B0000000000000000000229 /* ContactRow.swift in Sources */,
				2B000000000000000000022A /* SearchResult.swift in Sources */,
				2B000000000000000000022B /* SearchViewModel.swift in Sources */,
				2B000000000000000000022C /* SearchView.swift in Sources */,
				2B000000000000000000022D /* SettingsView.swift in Sources */,
				2B000000000000000000022E /* SettingsRow.swift in Sources */,
				2B000000000000000000022F /* DataDeletionView.swift in Sources */,
			);
			runOnlyForDeploymentPostprocessing = 0;
		};
/* End PBXSourcesBuildPhase section */

/* Begin XCBuildConfiguration section */
		2A0000000000000000000072 /* Debug */ = {
			isa = XCBuildConfiguration;
			buildSettings = {
				ALWAYS_SEARCH_USER_PATHS = NO;
				ASSETCATALOG_COMPILER_GENERATE_SWIFT_ASSET_SYMBOL_EXTENSIONS = YES;
				CLANG_ANALYZER_NONNULL = YES;
				CLANG_ANALYZER_NUMBER_OBJECT_CONVERSION = YES_AGGRESSIVE;
				CLANG_CXX_LANGUAGE_STANDARD = "gnu++20";
				CLANG_ENABLE_MODULES = YES;
				CLANG_ENABLE_OBJC_ARC = YES;
				CLANG_ENABLE_OBJC_WEAK = YES;
				CLANG_WARN_BLOCK_CAPTURE_AUTORELEASING = YES;
				CLANG_WARN_BOOL_CONVERSION = YES;
				CLANG_WARN_COMMA = YES;
				CLANG_WARN_CONSTANT_CONVERSION = YES;
				CLANG_WARN_DEPRECATED_OBJC_IMPLEMENTATIONS = YES;
				CLANG_WARN_DIRECT_OBJC_ISA_USAGE = YES_ERROR;
				CLANG_WARN_DOCUMENTATION_COMMENTS = YES;
				CLANG_WARN_EMPTY_BODY = YES;
				CLANG_WARN_ENUM_CONVERSION = YES;
				CLANG_WARN_INFINITE_RECURSION = YES;
				CLANG_WARN_INT_CONVERSION = YES;
				CLANG_WARN_NON_LITERAL_NULL_CONVERSION = YES;
				CLANG_WARN_OBJC_IMPLICIT_RETAIN_SELF = YES;
				CLANG_WARN_OBJC_LITERAL_CONVERSION = YES;
				CLANG_WARN_OBJC_ROOT_CLASS = YES_ERROR;
				CLANG_WARN_QUOTED_INCLUDE_IN_FRAMEWORK_HEADER = YES;
				CLANG_WARN_RANGE_LOOP_ANALYSIS = YES;
				CLANG_WARN_STRICT_PROTOTYPES = YES;
				CLANG_WARN_SUSPICIOUS_MOVE = YES;
				CLANG_WARN_UNGUARDED_AVAILABILITY = YES_AGGRESSIVE;
				CLANG_WARN_UNREACHABLE_CODE = YES;
				CLANG_WARN__DUPLICATE_METHOD_MATCH = YES;
				COPY_PHASE_STRIP = NO;
				DEBUG_INFORMATION_FORMAT = dwarf;
				ENABLE_STRICT_OBJC_MSGSEND = YES;
				ENABLE_TESTABILITY = YES;
				ENABLE_USER_SCRIPT_SANDBOXING = YES;
				GCC_C_LANGUAGE_STANDARD = gnu17;
				GCC_DYNAMIC_NO_PIC = NO;
				GCC_NO_COMMON_BLOCKS = YES;
				GCC_OPTIMIZATION_LEVEL = 0;
				GCC_PREPROCESSOR_DEFINITIONS = (
					"DEBUG=1",
					"$(inherited)",
				);
				GCC_WARN_64_TO_32_BIT_CONVERSION = YES;
				GCC_WARN_ABOUT_RETURN_TYPE = YES_ERROR;
				GCC_WARN_UNDECLARED_SELECTOR = YES;
				GCC_WARN_UNINITIALIZED_AUTOS = YES_AGGRESSIVE;
				GCC_WARN_UNUSED_FUNCTION = YES;
				GCC_WARN_UNUSED_VARIABLE = YES;
				IPHONEOS_DEPLOYMENT_TARGET = 17.0;
				LOCALIZATION_PREFERS_STRING_CATALOGS = YES;
				MTL_ENABLE_DEBUG_INFO = INCLUDE_SOURCE;
				MTL_FAST_MATH = YES;
				ONLY_ACTIVE_ARCH = YES;
				SDKROOT = iphoneos;
				SUPPORTED_PLATFORMS = "iphoneos iphonesimulator";
				SWIFT_ACTIVE_COMPILATION_CONDITIONS = "DEBUG $(inherited)";
				SWIFT_OPTIMIZATION_LEVEL = "-Onone";
			};
			name = Debug;
		};
		2A0000000000000000000073 /* Release */ = {
			isa = XCBuildConfiguration;
			buildSettings = {
				ALWAYS_SEARCH_USER_PATHS = NO;
				ASSETCATALOG_COMPILER_GENERATE_SWIFT_ASSET_SYMBOL_EXTENSIONS = YES;
				CLANG_ANALYZER_NONNULL = YES;
				CLANG_ANALYZER_NUMBER_OBJECT_CONVERSION = YES_AGGRESSIVE;
				CLANG_CXX_LANGUAGE_STANDARD = "gnu++20";
				CLANG_ENABLE_MODULES = YES;
				CLANG_ENABLE_OBJC_ARC = YES;
				CLANG_ENABLE_OBJC_WEAK = YES;
				CLANG_WARN_BLOCK_CAPTURE_AUTORELEASING = YES;
				CLANG_WARN_BOOL_CONVERSION = YES;
				CLANG_WARN_COMMA = YES;
				CLANG_WARN_CONSTANT_CONVERSION = YES;
				CLANG_WARN_DEPRECATED_OBJC_IMPLEMENTATIONS = YES;
				CLANG_WARN_DIRECT_OBJC_ISA_USAGE = YES_ERROR;
				CLANG_WARN_DOCUMENTATION_COMMENTS = YES;
				CLANG_WARN_EMPTY_BODY = YES;
				CLANG_WARN_ENUM_CONVERSION = YES;
				CLANG_WARN_INFINITE_RECURSION = YES;
				CLANG_WARN_INT_CONVERSION = YES;
				CLANG_WARN_NON_LITERAL_NULL_CONVERSION = YES;
				CLANG_WARN_OBJC_IMPLICIT_RETAIN_SELF = YES;
				CLANG_WARN_OBJC_LITERAL_CONVERSION = YES;
				CLANG_WARN_OBJC_ROOT_CLASS = YES_ERROR;
				CLANG_WARN_QUOTED_INCLUDE_IN_FRAMEWORK_HEADER = YES;
				CLANG_WARN_RANGE_LOOP_ANALYSIS = YES;
				CLANG_WARN_STRICT_PROTOTYPES = YES;
				CLANG_WARN_SUSPICIOUS_MOVE = YES;
				CLANG_WARN_UNGUARDED_AVAILABILITY = YES_AGGRESSIVE;
				CLANG_WARN_UNREACHABLE_CODE = YES;
				CLANG_WARN__DUPLICATE_METHOD_MATCH = YES;
				COPY_PHASE_STRIP = NO;
				DEBUG_INFORMATION_FORMAT = "dwarf-with-dsym";
				ENABLE_NS_ASSERTIONS = NO;
				ENABLE_STRICT_OBJC_MSGSEND = YES;
				ENABLE_USER_SCRIPT_SANDBOXING = YES;
				GCC_C_LANGUAGE_STANDARD = gnu17;
				GCC_NO_COMMON_BLOCKS = YES;
				GCC_WARN_64_TO_32_BIT_CONVERSION = YES;
				GCC_WARN_ABOUT_RETURN_TYPE = YES_ERROR;
				GCC_WARN_UNDECLARED_SELECTOR = YES;
				GCC_WARN_UNINITIALIZED_AUTOS = YES_AGGRESSIVE;
				GCC_WARN_UNUSED_FUNCTION = YES;
				GCC_WARN_UNUSED_VARIABLE = YES;
				IPHONEOS_DEPLOYMENT_TARGET = 17.0;
				LOCALIZATION_PREFERS_STRING_CATALOGS = YES;
				MTL_ENABLE_DEBUG_INFO = NO;
				MTL_FAST_MATH = YES;
				SDKROOT = iphoneos;
				SUPPORTED_PLATFORMS = "iphoneos iphonesimulator";
				SWIFT_COMPILATION_MODE = wholemodule;
				VALIDATE_PRODUCT = YES;
			};
			name = Release;
		};
		2A0000000000000000000081 /* Debug */ = {
			isa = XCBuildConfiguration;
			buildSettings = {
				ASSETCATALOG_COMPILER_APPICON_NAME = AppIcon;
				ASSETCATALOG_COMPILER_INCLUDE_ALL_APPICON_ASSETS = YES;
				CODE_SIGN_STYLE = Automatic;
				CURRENT_PROJECT_VERSION = 4;
				DEVELOPMENT_ASSET_PATHS = "";
				DEVELOPMENT_TEAM = W4G92DKSVN;
				ENABLE_PREVIEWS = YES;
				GENERATE_INFOPLIST_FILE = NO;
				INFOPLIST_FILE = "iOS-Portfolio-App-Swift/Info.plist";
				INFOPLIST_KEY_CFBundleDisplayName = HireTimSF;
				INFOPLIST_KEY_LSApplicationCategoryType = "public.app-category.business";
				IPHONEOS_DEPLOYMENT_TARGET = 17.0;
				LD_RUNPATH_SEARCH_PATHS = (
					"$(inherited)",
					"@executable_path/Frameworks",
				);
				MARKETING_VERSION = 1.0;
				PRODUCT_BUNDLE_IDENTIFIER = com.hiretimsf.PortfolioSwift;
				PRODUCT_NAME = "$(TARGET_NAME)";
				SUPPORTED_PLATFORMS = "iphoneos iphonesimulator";
				SUPPORTS_MACCATALYST = NO;
				SUPPORTS_MAC_DESIGNED_FOR_IPHONE_IPAD = NO;
				SWIFT_EMIT_LOC_STRINGS = YES;
				SWIFT_VERSION = 6.0;
				TARGETED_DEVICE_FAMILY = 1;
			};
			name = Debug;
		};
		2A0000000000000000000082 /* Release */ = {
			isa = XCBuildConfiguration;
			buildSettings = {
				ASSETCATALOG_COMPILER_APPICON_NAME = AppIcon;
				ASSETCATALOG_COMPILER_INCLUDE_ALL_APPICON_ASSETS = YES;
				CODE_SIGN_STYLE = Automatic;
				CURRENT_PROJECT_VERSION = 4;
				DEVELOPMENT_ASSET_PATHS = "";
				DEVELOPMENT_TEAM = W4G92DKSVN;
				ENABLE_PREVIEWS = YES;
				GENERATE_INFOPLIST_FILE = NO;
				INFOPLIST_FILE = "iOS-Portfolio-App-Swift/Info.plist";
				INFOPLIST_KEY_CFBundleDisplayName = HireTimSF;
				INFOPLIST_KEY_LSApplicationCategoryType = "public.app-category.business";
				IPHONEOS_DEPLOYMENT_TARGET = 17.0;
				LD_RUNPATH_SEARCH_PATHS = (
					"$(inherited)",
					"@executable_path/Frameworks",
				);
				MARKETING_VERSION = 1.0;
				PRODUCT_BUNDLE_IDENTIFIER = com.hiretimsf.PortfolioSwift;
				PRODUCT_NAME = "$(TARGET_NAME)";
				SUPPORTED_PLATFORMS = "iphoneos iphonesimulator";
				SUPPORTS_MACCATALYST = NO;
				SUPPORTS_MAC_DESIGNED_FOR_IPHONE_IPAD = NO;
				SWIFT_EMIT_LOC_STRINGS = YES;
				SWIFT_VERSION = 6.0;
				TARGETED_DEVICE_FAMILY = 1;
			};
			name = Release;
		};
/* End XCBuildConfiguration section */

/* Begin XCConfigurationList section */
		2A0000000000000000000071 /* Build configuration list for PBXProject "iOS-Portfolio-App-Swift" */ = {
			isa = XCConfigurationList;
			buildConfigurations = (
				2A0000000000000000000072 /* Debug */,
				2A0000000000000000000073 /* Release */,
			);
			defaultConfigurationIsVisible = 0;
			defaultConfigurationName = Release;
		};
		2A0000000000000000000080 /* Build configuration list for PBXNativeTarget "iOS-Portfolio-App-Swift" */ = {
			isa = XCConfigurationList;
			buildConfigurations = (
				2A0000000000000000000081 /* Debug */,
				2A0000000000000000000082 /* Release */,
			);
			defaultConfigurationIsVisible = 0;
			defaultConfigurationName = Release;
		};
/* End XCConfigurationList section */

/* Begin XCRemoteSwiftPackageReference section */
		2C0000000000000000000010 /* XCRemoteSwiftPackageReference "firebase-ios-sdk" */ = {
			isa = XCRemoteSwiftPackageReference;
			repositoryURL = "https://github.com/firebase/firebase-ios-sdk.git";
			requirement = {
				kind = upToNextMajorVersion;
				minimumVersion = 12.13.0;
			};
		};
/* End XCRemoteSwiftPackageReference section */

/* Begin XCSwiftPackageProductDependency section */
		2C0000000000000000000011 /* FirebaseCore */ = {
			isa = XCSwiftPackageProductDependency;
			package = 2C0000000000000000000010 /* XCRemoteSwiftPackageReference "firebase-ios-sdk" */;
			productName = FirebaseCore;
		};
		2C0000000000000000000012 /* FirebaseAnalytics */ = {
			isa = XCSwiftPackageProductDependency;
			package = 2C0000000000000000000010 /* XCRemoteSwiftPackageReference "firebase-ios-sdk" */;
			productName = FirebaseAnalytics;
		};
		2C0000000000000000000013 /* FirebaseCrashlytics */ = {
			isa = XCSwiftPackageProductDependency;
			package = 2C0000000000000000000010 /* XCRemoteSwiftPackageReference "firebase-ios-sdk" */;
			productName = FirebaseCrashlytics;
		};
/* End XCSwiftPackageProductDependency section */
	};
	rootObject = 2A0000000000000000000070 /* Project object */;
}
